// !$*UTF8*$!
{
	archiveVersion = 1;
	classes = {
	};
	objectVersion = 55;
	objects = {

/* Begin PBXBuildFile section */
		871F0E382679EE6600BE1D4F /* Tests_iOS.swift in Sources */ = {isa = PBXBuildFile; fileRef = 871F0E372679EE6600BE1D4F /* Tests_iOS.swift */; };
		871F0E422679EE6600BE1D4F /* Tests_macOS.swift in Sources */ = {isa = PBXBuildFile; fileRef = 871F0E412679EE6600BE1D4F /* Tests_macOS.swift */; };
		871F0E432679EE6600BE1D4F /* HelloSwiftUIApp.swift in Sources */ = {isa = PBXBuildFile; fileRef = 871F0E212679EE6400BE1D4F /* HelloSwiftUIApp.swift */; };
		871F0E442679EE6600BE1D4F /* HelloSwiftUIApp.swift in Sources */ = {isa = PBXBuildFile; fileRef = 871F0E212679EE6400BE1D4F /* HelloSwiftUIApp.swift */; };
		871F0E452679EE6600BE1D4F /* ContentView.swift in Sources */ = {isa = PBXBuildFile; fileRef = 871F0E222679EE6400BE1D4F /* ContentView.swift */; };
		871F0E462679EE6600BE1D4F /* ContentView.swift in Sources */ = {isa = PBXBuildFile; fileRef = 871F0E222679EE6400BE1D4F /* ContentView.swift */; };
		871F0E472679EE6600BE1D4F /* Assets.xcassets in Resources */ = {isa = PBXBuildFile; fileRef = 871F0E232679EE6600BE1D4F /* Assets.xcassets */; };
		871F0E482679EE6600BE1D4F /* Assets.xcassets in Resources */ = {isa = PBXBuildFile; fileRef = 871F0E232679EE6600BE1D4F /* Assets.xcassets */; };
		871F0E58267A032900BE1D4F /* CircleImage.swift in Sources */ = {isa = PBXBuildFile; fileRef = 871F0E57267A032900BE1D4F /* CircleImage.swift */; };
		871F0E59267A032900BE1D4F /* CircleImage.swift in Sources */ = {isa = PBXBuildFile; fileRef = 871F0E57267A032900BE1D4F /* CircleImage.swift */; };
		871F0E5B267A045100BE1D4F /* MapView.swift in Sources */ = {isa = PBXBuildFile; fileRef = 871F0E5A267A045100BE1D4F /* MapView.swift */; };
		871F0E5C267A045100BE1D4F /* MapView.swift in Sources */ = {isa = PBXBuildFile; fileRef = 871F0E5A267A045100BE1D4F /* MapView.swift */; };
		871F0E5E267A09C600BE1D4F /* landmarkData.json in Resources */ = {isa = PBXBuildFile; fileRef = 871F0E5D267A09C600BE1D4F /* landmarkData.json */; };
		871F0E5F267A09C600BE1D4F /* landmarkData.json in Resources */ = {isa = PBXBuildFile; fileRef = 871F0E5D267A09C600BE1D4F /* landmarkData.json */; };
		871F0E61267A0A0E00BE1D4F /* LandMark.swift in Sources */ = {isa = PBXBuildFile; fileRef = 871F0E60267A0A0E00BE1D4F /* LandMark.swift */; };
		871F0E62267A0A0E00BE1D4F /* LandMark.swift in Sources */ = {isa = PBXBuildFile; fileRef = 871F0E60267A0A0E00BE1D4F /* LandMark.swift */; };
		871F0E64267A0CC000BE1D4F /* DataLoader.swift in Sources */ = {isa = PBXBuildFile; fileRef = 871F0E63267A0CC000BE1D4F /* DataLoader.swift */; };
		871F0E65267A0CC000BE1D4F /* DataLoader.swift in Sources */ = {isa = PBXBuildFile; fileRef = 871F0E63267A0CC000BE1D4F /* DataLoader.swift */; };
		871F0E6A267AF0E600BE1D4F /* LandMarkRow.swift in Sources */ = {isa = PBXBuildFile; fileRef = 871F0E69267AF0E600BE1D4F /* LandMarkRow.swift */; };
		871F0E6B267AF0E600BE1D4F /* LandMarkRow.swift in Sources */ = {isa = PBXBuildFile; fileRef = 871F0E69267AF0E600BE1D4F /* LandMarkRow.swift */; };
		871F0E6D267AF3A100BE1D4F /* LandMarkList.swift in Sources */ = {isa = PBXBuildFile; fileRef = 871F0E6C267AF3A100BE1D4F /* LandMarkList.swift */; };
		871F0E6E267AF3A100BE1D4F /* LandMarkList.swift in Sources */ = {isa = PBXBuildFile; fileRef = 871F0E6C267AF3A100BE1D4F /* LandMarkList.swift */; };
		871F0E70267AFCA200BE1D4F /* LandMarkDetail.swift in Sources */ = {isa = PBXBuildFile; fileRef = 871F0E6F267AFCA200BE1D4F /* LandMarkDetail.swift */; };
		871F0E71267AFCA200BE1D4F /* LandMarkDetail.swift in Sources */ = {isa = PBXBuildFile; fileRef = 871F0E6F267AFCA200BE1D4F /* LandMarkDetail.swift */; };
		874B3C4B267B2CAA009D7602 /* FavoriteButton.swift in Sources */ = {isa = PBXBuildFile; fileRef = 874B3C4A267B2CAA009D7602 /* FavoriteButton.swift */; };
		874B3C4C267B2CAA009D7602 /* FavoriteButton.swift in Sources */ = {isa = PBXBuildFile; fileRef = 874B3C4A267B2CAA009D7602 /* FavoriteButton.swift */; };
		874B3C50267B3468009D7602 /* HexagonParameters.swift in Sources */ = {isa = PBXBuildFile; fileRef = 874B3C4F267B3468009D7602 /* HexagonParameters.swift */; };
		874B3C51267B3468009D7602 /* HexagonParameters.swift in Sources */ = {isa = PBXBuildFile; fileRef = 874B3C4F267B3468009D7602 /* HexagonParameters.swift */; };
		874B3C53267B3E2A009D7602 /* BadgeBackground.swift in Sources */ = {isa = PBXBuildFile; fileRef = 874B3C52267B3E2A009D7602 /* BadgeBackground.swift */; };
		874B3C54267B3E2A009D7602 /* BadgeBackground.swift in Sources */ = {isa = PBXBuildFile; fileRef = 874B3C52267B3E2A009D7602 /* BadgeBackground.swift */; };
		874B3C56267B4835009D7602 /* BadgeSymbol.swift in Sources */ = {isa = PBXBuildFile; fileRef = 874B3C55267B4835009D7602 /* BadgeSymbol.swift */; };
		874B3C57267B4835009D7602 /* BadgeSymbol.swift in Sources */ = {isa = PBXBuildFile; fileRef = 874B3C55267B4835009D7602 /* BadgeSymbol.swift */; };
		874B3C59267B4EC7009D7602 /* RotedBadgeSymbol.swift in Sources */ = {isa = PBXBuildFile; fileRef = 874B3C58267B4EC7009D7602 /* RotedBadgeSymbol.swift */; };
		874B3C5A267B4EC7009D7602 /* RotedBadgeSymbol.swift in Sources */ = {isa = PBXBuildFile; fileRef = 874B3C58267B4EC7009D7602 /* RotedBadgeSymbol.swift */; };
		874B3C5C267B503C009D7602 /* Badge.swift in Sources */ = {isa = PBXBuildFile; fileRef = 874B3C5B267B503C009D7602 /* Badge.swift */; };
		874B3C5D267B503C009D7602 /* Badge.swift in Sources */ = {isa = PBXBuildFile; fileRef = 874B3C5B267B503C009D7602 /* Badge.swift */; };
		874B3C64267B5949009D7602 /* GraphCapsule.swift in Sources */ = {isa = PBXBuildFile; fileRef = 874B3C60267B5949009D7602 /* GraphCapsule.swift */; };
		874B3C65267B5949009D7602 /* GraphCapsule.swift in Sources */ = {isa = PBXBuildFile; fileRef = 874B3C60267B5949009D7602 /* GraphCapsule.swift */; };
		874B3C66267B5949009D7602 /* HikeGraph.swift in Sources */ = {isa = PBXBuildFile; fileRef = 874B3C61267B5949009D7602 /* HikeGraph.swift */; };
		874B3C67267B5949009D7602 /* HikeGraph.swift in Sources */ = {isa = PBXBuildFile; fileRef = 874B3C61267B5949009D7602 /* HikeGraph.swift */; };
		874B3C68267B5949009D7602 /* HikeDetail.swift in Sources */ = {isa = PBXBuildFile; fileRef = 874B3C62267B5949009D7602 /* HikeDetail.swift */; };
		874B3C69267B5949009D7602 /* HikeDetail.swift in Sources */ = {isa = PBXBuildFile; fileRef = 874B3C62267B5949009D7602 /* HikeDetail.swift */; };
		874B3C6A267B5949009D7602 /* HikeView.swift in Sources */ = {isa = PBXBuildFile; fileRef = 874B3C63267B5949009D7602 /* HikeView.swift */; };
		874B3C6B267B5949009D7602 /* HikeView.swift in Sources */ = {isa = PBXBuildFile; fileRef = 874B3C63267B5949009D7602 /* HikeView.swift */; };
		874B3C6D267B594E009D7602 /* hikeData.json in Resources */ = {isa = PBXBuildFile; fileRef = 874B3C6C267B594E009D7602 /* hikeData.json */; };
		874B3C6E267B594E009D7602 /* hikeData.json in Resources */ = {isa = PBXBuildFile; fileRef = 874B3C6C267B594E009D7602 /* hikeData.json */; };
		874B3C70267B5993009D7602 /* Hike.swift in Sources */ = {isa = PBXBuildFile; fileRef = 874B3C6F267B5993009D7602 /* Hike.swift */; };
		874B3C71267B5993009D7602 /* Hike.swift in Sources */ = {isa = PBXBuildFile; fileRef = 874B3C6F267B5993009D7602 /* Hike.swift */; };
		874B3C73267C4937009D7602 /* CategoriyHome.swift in Sources */ = {isa = PBXBuildFile; fileRef = 874B3C72267C4936009D7602 /* CategoriyHome.swift */; };
		874B3C74267C4937009D7602 /* CategoriyHome.swift in Sources */ = {isa = PBXBuildFile; fileRef = 874B3C72267C4936009D7602 /* CategoriyHome.swift */; };
		874B3C77267C4D22009D7602 /* CategoryRow.swift in Sources */ = {isa = PBXBuildFile; fileRef = 874B3C76267C4D22009D7602 /* CategoryRow.swift */; };
		874B3C78267C4D22009D7602 /* CategoryRow.swift in Sources */ = {isa = PBXBuildFile; fileRef = 874B3C76267C4D22009D7602 /* CategoryRow.swift */; };
		874B3C7A267C5095009D7602 /* CategoryItem.swift in Sources */ = {isa = PBXBuildFile; fileRef = 874B3C79267C5095009D7602 /* CategoryItem.swift */; };
		874B3C7B267C5095009D7602 /* CategoryItem.swift in Sources */ = {isa = PBXBuildFile; fileRef = 874B3C79267C5095009D7602 /* CategoryItem.swift */; };
		874B3C7D267C80C6009D7602 /* Profile.swift in Sources */ = {isa = PBXBuildFile; fileRef = 874B3C7C267C80C6009D7602 /* Profile.swift */; };
		874B3C7E267C80C6009D7602 /* Profile.swift in Sources */ = {isa = PBXBuildFile; fileRef = 874B3C7C267C80C6009D7602 /* Profile.swift */; };
		874B3C80267C820D009D7602 /* ProfileHost.swift in Sources */ = {isa = PBXBuildFile; fileRef = 874B3C7F267C820D009D7602 /* ProfileHost.swift */; };
		874B3C81267C820D009D7602 /* ProfileHost.swift in Sources */ = {isa = PBXBuildFile; fileRef = 874B3C7F267C820D009D7602 /* ProfileHost.swift */; };
		874B3C83267C8243009D7602 /* ProfileSummary.swift in Sources */ = {isa = PBXBuildFile; fileRef = 874B3C82267C8243009D7602 /* ProfileSummary.swift */; };
		874B3C84267C8243009D7602 /* ProfileSummary.swift in Sources */ = {isa = PBXBuildFile; fileRef = 874B3C82267C8243009D7602 /* ProfileSummary.swift */; };
		878FCEDE267C89870069C3A6 /* HikeBadge.swift in Sources */ = {isa = PBXBuildFile; fileRef = 878FCEDD267C89870069C3A6 /* HikeBadge.swift */; };
		878FCEDF267C89870069C3A6 /* HikeBadge.swift in Sources */ = {isa = PBXBuildFile; fileRef = 878FCEDD267C89870069C3A6 /* HikeBadge.swift */; };
		878FCEE1267C94790069C3A6 /* ProfileEditor.swift in Sources */ = {isa = PBXBuildFile; fileRef = 878FCEE0267C94790069C3A6 /* ProfileEditor.swift */; };
		878FCEE2267C94790069C3A6 /* ProfileEditor.swift in Sources */ = {isa = PBXBuildFile; fileRef = 878FCEE0267C94790069C3A6 /* ProfileEditor.swift */; };
		878FCEE4267C9F040069C3A6 /* PageViewController.swift in Sources */ = {isa = PBXBuildFile; fileRef = 878FCEE3267C9F040069C3A6 /* PageViewController.swift */; };
		878FCEE5267C9F040069C3A6 /* PageViewController.swift in Sources */ = {isa = PBXBuildFile; fileRef = 878FCEE3267C9F040069C3A6 /* PageViewController.swift */; };
		878FCEE7267CA9C00069C3A6 /* FeatureCard.swift in Sources */ = {isa = PBXBuildFile; fileRef = 878FCEE6267CA9C00069C3A6 /* FeatureCard.swift */; };
		878FCEE8267CA9C00069C3A6 /* FeatureCard.swift in Sources */ = {isa = PBXBuildFile; fileRef = 878FCEE6267CA9C00069C3A6 /* FeatureCard.swift */; };
		878FCEEA267CAB9C0069C3A6 /* PageView.swift in Sources */ = {isa = PBXBuildFile; fileRef = 878FCEE9267CAB9C0069C3A6 /* PageView.swift */; };
		878FCEEB267CAB9C0069C3A6 /* PageView.swift in Sources */ = {isa = PBXBuildFile; fileRef = 878FCEE9267CAB9C0069C3A6 /* PageView.swift */; };
/* End PBXBuildFile section */

/* Begin PBXContainerItemProxy section */
		871F0E342679EE6600BE1D4F /* PBXContainerItemProxy */ = {
			isa = PBXContainerItemProxy;
			containerPortal = 871F0E1C2679EE6400BE1D4F /* Project object */;
			proxyType = 1;
			remoteGlobalIDString = 871F0E272679EE6600BE1D4F;
			remoteInfo = "HelloSwiftUI (iOS)";
		};
		871F0E3E2679EE6600BE1D4F /* PBXContainerItemProxy */ = {
			isa = PBXContainerItemProxy;
			containerPortal = 871F0E1C2679EE6400BE1D4F /* Project object */;
			proxyType = 1;
			remoteGlobalIDString = 871F0E2D2679EE6600BE1D4F;
			remoteInfo = "HelloSwiftUI (macOS)";
		};
/* End PBXContainerItemProxy section */

/* Begin PBXFileReference section */
		871F0E212679EE6400BE1D4F /* HelloSwiftUIApp.swift */ = {isa = PBXFileReference; lastKnownFileType = sourcecode.swift; path = HelloSwiftUIApp.swift; sourceTree = "<group>"; };
		871F0E222679EE6400BE1D4F /* ContentView.swift */ = {isa = PBXFileReference; lastKnownFileType = sourcecode.swift; path = ContentView.swift; sourceTree = "<group>"; };
		871F0E232679EE6600BE1D4F /* Assets.xcassets */ = {isa = PBXFileReference; lastKnownFileType = folder.assetcatalog; path = Assets.xcassets; sourceTree = "<group>"; };
		871F0E282679EE6600BE1D4F /* HelloSwiftUI.app */ = {isa = PBXFileReference; explicitFileType = wrapper.application; includeInIndex = 0; path = HelloSwiftUI.app; sourceTree = BUILT_PRODUCTS_DIR; };
		871F0E2E2679EE6600BE1D4F /* HelloSwiftUI.app */ = {isa = PBXFileReference; explicitFileType = wrapper.application; includeInIndex = 0; path = HelloSwiftUI.app; sourceTree = BUILT_PRODUCTS_DIR; };
		871F0E332679EE6600BE1D4F /* Tests iOS.xctest */ = {isa = PBXFileReference; explicitFileType = wrapper.cfbundle; includeInIndex = 0; path = "Tests iOS.xctest"; sourceTree = BUILT_PRODUCTS_DIR; };
		871F0E372679EE6600BE1D4F /* Tests_iOS.swift */ = {isa = PBXFileReference; lastKnownFileType = sourcecode.swift; path = Tests_iOS.swift; sourceTree = "<group>"; };
		871F0E3D2679EE6600BE1D4F /* Tests macOS.xctest */ = {isa = PBXFileReference; explicitFileType = wrapper.cfbundle; includeInIndex = 0; path = "Tests macOS.xctest"; sourceTree = BUILT_PRODUCTS_DIR; };
		871F0E412679EE6600BE1D4F /* Tests_macOS.swift */ = {isa = PBXFileReference; lastKnownFileType = sourcecode.swift; path = Tests_macOS.swift; sourceTree = "<group>"; };
		871F0E57267A032900BE1D4F /* CircleImage.swift */ = {isa = PBXFileReference; lastKnownFileType = sourcecode.swift; path = CircleImage.swift; sourceTree = "<group>"; };
		871F0E5A267A045100BE1D4F /* MapView.swift */ = {isa = PBXFileReference; lastKnownFileType = sourcecode.swift; path = MapView.swift; sourceTree = "<group>"; };
		871F0E5D267A09C600BE1D4F /* landmarkData.json */ = {isa = PBXFileReference; fileEncoding = 4; lastKnownFileType = text.json; path = landmarkData.json; sourceTree = "<group>"; };
		871F0E60267A0A0E00BE1D4F /* LandMark.swift */ = {isa = PBXFileReference; lastKnownFileType = sourcecode.swift; path = LandMark.swift; sourceTree = "<group>"; };
		871F0E63267A0CC000BE1D4F /* DataLoader.swift */ = {isa = PBXFileReference; lastKnownFileType = sourcecode.swift; path = DataLoader.swift; sourceTree = "<group>"; };
		871F0E69267AF0E600BE1D4F /* LandMarkRow.swift */ = {isa = PBXFileReference; lastKnownFileType = sourcecode.swift; path = LandMarkRow.swift; sourceTree = "<group>"; };
		871F0E6C267AF3A100BE1D4F /* LandMarkList.swift */ = {isa = PBXFileReference; lastKnownFileType = sourcecode.swift; path = LandMarkList.swift; sourceTree = "<group>"; };
		871F0E6F267AFCA200BE1D4F /* LandMarkDetail.swift */ = {isa = PBXFileReference; lastKnownFileType = sourcecode.swift; path = LandMarkDetail.swift; sourceTree = "<group>"; };
		874B3C4A267B2CAA009D7602 /* FavoriteButton.swift */ = {isa = PBXFileReference; lastKnownFileType = sourcecode.swift; path = FavoriteButton.swift; sourceTree = "<group>"; };
		874B3C4F267B3468009D7602 /* HexagonParameters.swift */ = {isa = PBXFileReference; lastKnownFileType = sourcecode.swift; path = HexagonParameters.swift; sourceTree = "<group>"; };
		874B3C52267B3E2A009D7602 /* BadgeBackground.swift */ = {isa = PBXFileReference; lastKnownFileType = sourcecode.swift; path = BadgeBackground.swift; sourceTree = "<group>"; };
		874B3C55267B4835009D7602 /* BadgeSymbol.swift */ = {isa = PBXFileReference; lastKnownFileType = sourcecode.swift; path = BadgeSymbol.swift; sourceTree = "<group>"; };
		874B3C58267B4EC7009D7602 /* RotedBadgeSymbol.swift */ = {isa = PBXFileReference; lastKnownFileType = sourcecode.swift; path = RotedBadgeSymbol.swift; sourceTree = "<group>"; };
		874B3C5B267B503C009D7602 /* Badge.swift */ = {isa = PBXFileReference; lastKnownFileType = sourcecode.swift; path = Badge.swift; sourceTree = "<group>"; };
		874B3C60267B5949009D7602 /* GraphCapsule.swift */ = {isa = PBXFileReference; fileEncoding = 4; lastKnownFileType = sourcecode.swift; path = GraphCapsule.swift; sourceTree = "<group>"; };
		874B3C61267B5949009D7602 /* HikeGraph.swift */ = {isa = PBXFileReference; fileEncoding = 4; lastKnownFileType = sourcecode.swift; path = HikeGraph.swift; sourceTree = "<group>"; };
		874B3C62267B5949009D7602 /* HikeDetail.swift */ = {isa = PBXFileReference; fileEncoding = 4; lastKnownFileType = sourcecode.swift; path = HikeDetail.swift; sourceTree = "<group>"; };
		874B3C63267B5949009D7602 /* HikeView.swift */ = {isa = PBXFileReference; fileEncoding = 4; lastKnownFileType = sourcecode.swift; path = HikeView.swift; sourceTree = "<group>"; };
		874B3C6C267B594E009D7602 /* hikeData.json */ = {isa = PBXFileReference; fileEncoding = 4; lastKnownFileType = text.json; path = hikeData.json; sourceTree = "<group>"; };
		874B3C6F267B5993009D7602 /* Hike.swift */ = {isa = PBXFileReference; lastKnownFileType = sourcecode.swift; path = Hike.swift; sourceTree = "<group>"; };
		874B3C72267C4936009D7602 /* CategoriyHome.swift */ = {isa = PBXFileReference; lastKnownFileType = sourcecode.swift; path = CategoriyHome.swift; sourceTree = "<group>"; };
		874B3C76267C4D22009D7602 /* CategoryRow.swift */ = {isa = PBXFileReference; lastKnownFileType = sourcecode.swift; path = CategoryRow.swift; sourceTree = "<group>"; };
		874B3C79267C5095009D7602 /* CategoryItem.swift */ = {isa = PBXFileReference; lastKnownFileType = sourcecode.swift; path = CategoryItem.swift; sourceTree = "<group>"; };
		874B3C7C267C80C6009D7602 /* Profile.swift */ = {isa = PBXFileReference; lastKnownFileType = sourcecode.swift; path = Profile.swift; sourceTree = "<group>"; };
		874B3C7F267C820D009D7602 /* ProfileHost.swift */ = {isa = PBXFileReference; lastKnownFileType = sourcecode.swift; path = ProfileHost.swift; sourceTree = "<group>"; };
		874B3C82267C8243009D7602 /* ProfileSummary.swift */ = {isa = PBXFileReference; lastKnownFileType = sourcecode.swift; path = ProfileSummary.swift; sourceTree = "<group>"; };
		878FCEDD267C89870069C3A6 /* HikeBadge.swift */ = {isa = PBXFileReference; lastKnownFileType = sourcecode.swift; path = HikeBadge.swift; sourceTree = "<group>"; };
		878FCEE0267C94790069C3A6 /* ProfileEditor.swift */ = {isa = PBXFileReference; lastKnownFileType = sourcecode.swift; path = ProfileEditor.swift; sourceTree = "<group>"; };
		878FCEE3267C9F040069C3A6 /* PageViewController.swift */ = {isa = PBXFileReference; lastKnownFileType = sourcecode.swift; path = PageViewController.swift; sourceTree = "<group>"; };
		878FCEE6267CA9C00069C3A6 /* FeatureCard.swift */ = {isa = PBXFileReference; lastKnownFileType = sourcecode.swift; path = FeatureCard.swift; sourceTree = "<group>"; };
		878FCEE9267CAB9C0069C3A6 /* PageView.swift */ = {isa = PBXFileReference; lastKnownFileType = sourcecode.swift; path = PageView.swift; sourceTree = "<group>"; };
/* End PBXFileReference section */

/* Begin PBXFrameworksBuildPhase section */
		871F0E252679EE6600BE1D4F /* Frameworks */ = {
			isa = PBXFrameworksBuildPhase;
			buildActionMask = 2147483647;
			files = (
			);
			runOnlyForDeploymentPostprocessing = 0;
		};
		871F0E2B2679EE6600BE1D4F /* Frameworks */ = {
			isa = PBXFrameworksBuildPhase;
			buildActionMask = 2147483647;
			files = (
			);
			runOnlyForDeploymentPostprocessing = 0;
		};
		871F0E302679EE6600BE1D4F /* Frameworks */ = {
			isa = PBXFrameworksBuildPhase;
			buildActionMask = 2147483647;
			files = (
			);
			runOnlyForDeploymentPostprocessing = 0;
		};
		871F0E3A2679EE6600BE1D4F /* Frameworks */ = {
			isa = PBXFrameworksBuildPhase;
			buildActionMask = 2147483647;
			files = (
			);
			runOnlyForDeploymentPostprocessing = 0;
		};
/* End PBXFrameworksBuildPhase section */

/* Begin PBXGroup section */
		871F0E1B2679EE6400BE1D4F = {
			isa = PBXGroup;
			children = (
				871F0E292679EE6600BE1D4F /* Products */,
				871F0E202679EE6400BE1D4F /* Shared */,
				871F0E362679EE6600BE1D4F /* Tests iOS */,
				871F0E402679EE6600BE1D4F /* Tests macOS */,
			);
			sourceTree = "<group>";
		};
		871F0E202679EE6400BE1D4F /* Shared */ = {
			isa = PBXGroup;
			children = (
				871F0E212679EE6400BE1D4F /* HelloSwiftUIApp.swift */,
				871F0E66267A0F6200BE1D4F /* Model */,
				871F0E68267A0F8600BE1D4F /* Resources */,
				871F0E67267A0F7900BE1D4F /* View */,
			);
			path = Shared;
			sourceTree = "<group>";
		};
		871F0E292679EE6600BE1D4F /* Products */ = {
			isa = PBXGroup;
			children = (
				871F0E282679EE6600BE1D4F /* HelloSwiftUI.app */,
				871F0E2E2679EE6600BE1D4F /* HelloSwiftUI.app */,
				871F0E332679EE6600BE1D4F /* Tests iOS.xctest */,
				871F0E3D2679EE6600BE1D4F /* Tests macOS.xctest */,
			);
			name = Products;
			sourceTree = "<group>";
		};
		871F0E362679EE6600BE1D4F /* Tests iOS */ = {
			isa = PBXGroup;
			children = (
				871F0E372679EE6600BE1D4F /* Tests_iOS.swift */,
			);
			path = "Tests iOS";
			sourceTree = "<group>";
		};
		871F0E402679EE6600BE1D4F /* Tests macOS */ = {
			isa = PBXGroup;
			children = (
				871F0E412679EE6600BE1D4F /* Tests_macOS.swift */,
			);
			path = "Tests macOS";
			sourceTree = "<group>";
		};
		871F0E66267A0F6200BE1D4F /* Model */ = {
			isa = PBXGroup;
			children = (
				871F0E60267A0A0E00BE1D4F /* LandMark.swift */,
				871F0E63267A0CC000BE1D4F /* DataLoader.swift */,
				874B3C6F267B5993009D7602 /* Hike.swift */,
				874B3C7C267C80C6009D7602 /* Profile.swift */,
			);
			path = Model;
			sourceTree = "<group>";
		};
		871F0E67267A0F7900BE1D4F /* View */ = {
			isa = PBXGroup;
			children = (
				871F0E222679EE6400BE1D4F /* ContentView.swift */,
				874B3C5F267B5949009D7602 /* Hikes */,
				874B3C5E267B5418009D7602 /* Badges */,
				874B3C75267C4940009D7602 /* Caterogies */,
				874B3C4E267B2D4B009D7602 /* Helpers */,
				874B3C4D267B2D3A009D7602 /* LandMarks */,
				878FCEDC267C889F0069C3A6 /* Profile */,
			);
			path = View;
			sourceTree = "<group>";
		};
		871F0E68267A0F8600BE1D4F /* Resources */ = {
			isa = PBXGroup;
			children = (
				874B3C6C267B594E009D7602 /* hikeData.json */,
				871F0E232679EE6600BE1D4F /* Assets.xcassets */,
				871F0E5D267A09C600BE1D4F /* landmarkData.json */,
			);
			path = Resources;
			sourceTree = "<group>";
		};
		874B3C4D267B2D3A009D7602 /* LandMarks */ = {
			isa = PBXGroup;
			children = (
				871F0E69267AF0E600BE1D4F /* LandMarkRow.swift */,
				871F0E6C267AF3A100BE1D4F /* LandMarkList.swift */,
				871F0E6F267AFCA200BE1D4F /* LandMarkDetail.swift */,
				878FCEE3267C9F040069C3A6 /* PageViewController.swift */,
				878FCEE6267CA9C00069C3A6 /* FeatureCard.swift */,
				878FCEE9267CAB9C0069C3A6 /* PageView.swift */,
			);
			path = LandMarks;
			sourceTree = "<group>";
		};
		874B3C4E267B2D4B009D7602 /* Helpers */ = {
			isa = PBXGroup;
			children = (
				871F0E57267A032900BE1D4F /* CircleImage.swift */,
				871F0E5A267A045100BE1D4F /* MapView.swift */,
				874B3C4A267B2CAA009D7602 /* FavoriteButton.swift */,
			);
			path = Helpers;
			sourceTree = "<group>";
		};
		874B3C5E267B5418009D7602 /* Badges */ = {
			isa = PBXGroup;
			children = (
				874B3C4F267B3468009D7602 /* HexagonParameters.swift */,
				874B3C52267B3E2A009D7602 /* BadgeBackground.swift */,
				874B3C55267B4835009D7602 /* BadgeSymbol.swift */,
				874B3C58267B4EC7009D7602 /* RotedBadgeSymbol.swift */,
				874B3C5B267B503C009D7602 /* Badge.swift */,
			);
			path = Badges;
			sourceTree = "<group>";
		};
		874B3C5F267B5949009D7602 /* Hikes */ = {
			isa = PBXGroup;
			children = (
				874B3C60267B5949009D7602 /* GraphCapsule.swift */,
				874B3C61267B5949009D7602 /* HikeGraph.swift */,
				874B3C62267B5949009D7602 /* HikeDetail.swift */,
				874B3C63267B5949009D7602 /* HikeView.swift */,
				878FCEDD267C89870069C3A6 /* HikeBadge.swift */,
			);
			path = Hikes;
			sourceTree = "<group>";
		};
		874B3C75267C4940009D7602 /* Caterogies */ = {
			isa = PBXGroup;
			children = (
				874B3C72267C4936009D7602 /* CategoriyHome.swift */,
				874B3C76267C4D22009D7602 /* CategoryRow.swift */,
				874B3C79267C5095009D7602 /* CategoryItem.swift */,
			);
			path = Caterogies;
			sourceTree = "<group>";
		};
		878FCEDC267C889F0069C3A6 /* Profile */ = {
			isa = PBXGroup;
			children = (
				874B3C7F267C820D009D7602 /* ProfileHost.swift */,
				874B3C82267C8243009D7602 /* ProfileSummary.swift */,
				878FCEE0267C94790069C3A6 /* ProfileEditor.swift */,
			);
			path = Profile;
			sourceTree = "<group>";
		};
/* End PBXGroup section */

/* Begin PBXNativeTarget section */
		871F0E272679EE6600BE1D4F /* HelloSwiftUI (iOS) */ = {
			isa = PBXNativeTarget;
			buildConfigurationList = 871F0E4B2679EE6600BE1D4F /* Build configuration list for PBXNativeTarget "HelloSwiftUI (iOS)" */;
			buildPhases = (
				871F0E242679EE6600BE1D4F /* Sources */,
				871F0E252679EE6600BE1D4F /* Frameworks */,
				871F0E262679EE6600BE1D4F /* Resources */,
			);
			buildRules = (
			);
			dependencies = (
			);
			name = "HelloSwiftUI (iOS)";
			productName = "HelloSwiftUI (iOS)";
			productReference = 871F0E282679EE6600BE1D4F /* HelloSwiftUI.app */;
			productType = "com.apple.product-type.application";
		};
		871F0E2D2679EE6600BE1D4F /* HelloSwiftUI (macOS) */ = {
			isa = PBXNativeTarget;
			buildConfigurationList = 871F0E4E2679EE6600BE1D4F /* Build configuration list for PBXNativeTarget "HelloSwiftUI (macOS)" */;
			buildPhases = (
				871F0E2A2679EE6600BE1D4F /* Sources */,
				871F0E2B2679EE6600BE1D4F /* Frameworks */,
				871F0E2C2679EE6600BE1D4F /* Resources */,
			);
			buildRules = (
			);
			dependencies = (
			);
			name = "HelloSwiftUI (macOS)";
			productName = "HelloSwiftUI (macOS)";
			productReference = 871F0E2E2679EE6600BE1D4F /* HelloSwiftUI.app */;
			productType = "com.apple.product-type.application";
		};
		871F0E322679EE6600BE1D4F /* Tests iOS */ = {
			isa = PBXNativeTarget;
			buildConfigurationList = 871F0E512679EE6600BE1D4F /* Build configuration list for PBXNativeTarget "Tests iOS" */;
			buildPhases = (
				871F0E2F2679EE6600BE1D4F /* Sources */,
				871F0E302679EE6600BE1D4F /* Frameworks */,
				871F0E312679EE6600BE1D4F /* Resources */,
			);
			buildRules = (
			);
			dependencies = (
				871F0E352679EE6600BE1D4F /* PBXTargetDependency */,
			);
			name = "Tests iOS";
			productName = "Tests iOS";
			productReference = 871F0E332679EE6600BE1D4F /* Tests iOS.xctest */;
			productType = "com.apple.product-type.bundle.ui-testing";
		};
		871F0E3C2679EE6600BE1D4F /* Tests macOS */ = {
			isa = PBXNativeTarget;
			buildConfigurationList = 871F0E542679EE6600BE1D4F /* Build configuration list for PBXNativeTarget "Tests macOS" */;
			buildPhases = (
				871F0E392679EE6600BE1D4F /* Sources */,
				871F0E3A2679EE6600BE1D4F /* Frameworks */,
				871F0E3B2679EE6600BE1D4F /* Resources */,
			);
			buildRules = (
			);
			dependencies = (
				871F0E3F2679EE6600BE1D4F /* PBXTargetDependency */,
			);
			name = "Tests macOS";
			productName = "Tests macOS";
			productReference = 871F0E3D2679EE6600BE1D4F /* Tests macOS.xctest */;
			productType = "com.apple.product-type.bundle.ui-testing";
		};
/* End PBXNativeTarget section */

/* Begin PBXProject section */
		871F0E1C2679EE6400BE1D4F /* Project object */ = {
			isa = PBXProject;
			attributes = {
				BuildIndependentTargetsInParallel = 1;
				LastSwiftUpdateCheck = 1300;
				LastUpgradeCheck = 1300;
				TargetAttributes = {
					871F0E272679EE6600BE1D4F = {
						CreatedOnToolsVersion = 13.0;
					};
					871F0E2D2679EE6600BE1D4F = {
						CreatedOnToolsVersion = 13.0;
					};
					871F0E322679EE6600BE1D4F = {
						CreatedOnToolsVersion = 13.0;
						TestTargetID = 871F0E272679EE6600BE1D4F;
					};
					871F0E3C2679EE6600BE1D4F = {
						CreatedOnToolsVersion = 13.0;
						TestTargetID = 871F0E2D2679EE6600BE1D4F;
					};
				};
			};
			buildConfigurationList = 871F0E1F2679EE6400BE1D4F /* Build configuration list for PBXProject "HelloSwiftUI" */;
			compatibilityVersion = "Xcode 13.0";
			developmentRegion = en;
			hasScannedForEncodings = 0;
			knownRegions = (
				en,
				Base,
			);
			mainGroup = 871F0E1B2679EE6400BE1D4F;
			productRefGroup = 871F0E292679EE6600BE1D4F /* Products */;
			projectDirPath = "";
			projectRoot = "";
			targets = (
				871F0E272679EE6600BE1D4F /* HelloSwiftUI (iOS) */,
				871F0E2D2679EE6600BE1D4F /* HelloSwiftUI (macOS) */,
				871F0E322679EE6600BE1D4F /* Tests iOS */,
				871F0E3C2679EE6600BE1D4F /* Tests macOS */,
			);
		};
/* End PBXProject section */

/* Begin PBXResourcesBuildPhase section */
		871F0E262679EE6600BE1D4F /* Resources */ = {
			isa = PBXResourcesBuildPhase;
			buildActionMask = 2147483647;
			files = (
				871F0E472679EE6600BE1D4F /* Assets.xcassets in Resources */,
				874B3C6D267B594E009D7602 /* hikeData.json in Resources */,
				871F0E5E267A09C600BE1D4F /* landmarkData.json in Resources */,
			);
			runOnlyForDeploymentPostprocessing = 0;
		};
		871F0E2C2679EE6600BE1D4F /* Resources */ = {
			isa = PBXResourcesBuildPhase;
			buildActionMask = 2147483647;
			files = (
				871F0E482679EE6600BE1D4F /* Assets.xcassets in Resources */,
				874B3C6E267B594E009D7602 /* hikeData.json in Resources */,
				871F0E5F267A09C600BE1D4F /* landmarkData.json in Resources */,
			);
			runOnlyForDeploymentPostprocessing = 0;
		};
		871F0E312679EE6600BE1D4F /* Resources */ = {
			isa = PBXResourcesBuildPhase;
			buildActionMask = 2147483647;
			files = (
			);
			runOnlyForDeploymentPostprocessing = 0;
		};
		871F0E3B2679EE6600BE1D4F /* Resources */ = {
			isa = PBXResourcesBuildPhase;
			buildActionMask = 2147483647;
			files = (
			);
			runOnlyForDeploymentPostprocessing = 0;
		};
/* End PBXResourcesBuildPhase section */

/* Begin PBXSourcesBuildPhase section */
		871F0E242679EE6600BE1D4F /* Sources */ = {
			isa = PBXSourcesBuildPhase;
			buildActionMask = 2147483647;
			files = (
				874B3C77267C4D22009D7602 /* CategoryRow.swift in Sources */,
				874B3C7D267C80C6009D7602 /* Profile.swift in Sources */,
				871F0E452679EE6600BE1D4F /* ContentView.swift in Sources */,
				874B3C5C267B503C009D7602 /* Badge.swift in Sources */,
				878FCEE7267CA9C00069C3A6 /* FeatureCard.swift in Sources */,
				871F0E6A267AF0E600BE1D4F /* LandMarkRow.swift in Sources */,
				871F0E61267A0A0E00BE1D4F /* LandMark.swift in Sources */,
				874B3C6A267B5949009D7602 /* HikeView.swift in Sources */,
				874B3C4B267B2CAA009D7602 /* FavoriteButton.swift in Sources */,
				874B3C50267B3468009D7602 /* HexagonParameters.swift in Sources */,
				874B3C56267B4835009D7602 /* BadgeSymbol.swift in Sources */,
				871F0E6D267AF3A100BE1D4F /* LandMarkList.swift in Sources */,
				871F0E70267AFCA200BE1D4F /* LandMarkDetail.swift in Sources */,
				874B3C83267C8243009D7602 /* ProfileSummary.swift in Sources */,
				874B3C70267B5993009D7602 /* Hike.swift in Sources */,
				874B3C80267C820D009D7602 /* ProfileHost.swift in Sources */,
				874B3C59267B4EC7009D7602 /* RotedBadgeSymbol.swift in Sources */,
				874B3C53267B3E2A009D7602 /* BadgeBackground.swift in Sources */,
				878FCEEA267CAB9C0069C3A6 /* PageView.swift in Sources */,
				874B3C68267B5949009D7602 /* HikeDetail.swift in Sources */,
				878FCEE1267C94790069C3A6 /* ProfileEditor.swift in Sources */,
				871F0E64267A0CC000BE1D4F /* DataLoader.swift in Sources */,
				874B3C7A267C5095009D7602 /* CategoryItem.swift in Sources */,
				874B3C73267C4937009D7602 /* CategoriyHome.swift in Sources */,
				878FCEE4267C9F040069C3A6 /* PageViewController.swift in Sources */,
				874B3C64267B5949009D7602 /* GraphCapsule.swift in Sources */,
				878FCEDE267C89870069C3A6 /* HikeBadge.swift in Sources */,
				871F0E5B267A045100BE1D4F /* MapView.swift in Sources */,
				871F0E432679EE6600BE1D4F /* HelloSwiftUIApp.swift in Sources */,
				871F0E58267A032900BE1D4F /* CircleImage.swift in Sources */,
				874B3C66267B5949009D7602 /* HikeGraph.swift in Sources */,
			);
			runOnlyForDeploymentPostprocessing = 0;
		};
		871F0E2A2679EE6600BE1D4F /* Sources */ = {
			isa = PBXSourcesBuildPhase;
			buildActionMask = 2147483647;
			files = (
				874B3C78267C4D22009D7602 /* CategoryRow.swift in Sources */,
				874B3C7E267C80C6009D7602 /* Profile.swift in Sources */,
				871F0E462679EE6600BE1D4F /* ContentView.swift in Sources */,
				874B3C5D267B503C009D7602 /* Badge.swift in Sources */,
				878FCEE8267CA9C00069C3A6 /* FeatureCard.swift in Sources */,
				871F0E6B267AF0E600BE1D4F /* LandMarkRow.swift in Sources */,
				871F0E62267A0A0E00BE1D4F /* LandMark.swift in Sources */,
				874B3C6B267B5949009D7602 /* HikeView.swift in Sources */,
				874B3C4C267B2CAA009D7602 /* FavoriteButton.swift in Sources */,
				874B3C51267B3468009D7602 /* HexagonParameters.swift in Sources */,
				874B3C57267B4835009D7602 /* BadgeSymbol.swift in Sources */,
				871F0E6E267AF3A100BE1D4F /* LandMarkList.swift in Sources */,
				871F0E71267AFCA200BE1D4F /* LandMarkDetail.swift in Sources */,
				874B3C84267C8243009D7602 /* ProfileSummary.swift in Sources */,
				874B3C71267B5993009D7602 /* Hike.swift in Sources */,
				874B3C81267C820D009D7602 /* ProfileHost.swift in Sources */,
				874B3C5A267B4EC7009D7602 /* RotedBadgeSymbol.swift in Sources */,
				874B3C54267B3E2A009D7602 /* BadgeBackground.swift in Sources */,
				878FCEEB267CAB9C0069C3A6 /* PageView.swift in Sources */,
				874B3C69267B5949009D7602 /* HikeDetail.swift in Sources */,
				878FCEE2267C94790069C3A6 /* ProfileEditor.swift in Sources */,
				871F0E65267A0CC000BE1D4F /* DataLoader.swift in Sources */,
				874B3C7B267C5095009D7602 /* CategoryItem.swift in Sources */,
				874B3C74267C4937009D7602 /* CategoriyHome.swift in Sources */,
				878FCEE5267C9F040069C3A6 /* PageViewController.swift in Sources */,
				874B3C65267B5949009D7602 /* GraphCapsule.swift in Sources */,
				878FCEDF267C89870069C3A6 /* HikeBadge.swift in Sources */,
				871F0E5C267A045100BE1D4F /* MapView.swift in Sources */,
				871F0E442679EE6600BE1D4F /* HelloSwiftUIApp.swift in Sources */,
				871F0E59267A032900BE1D4F /* CircleImage.swift in Sources */,
				874B3C67267B5949009D7602 /* HikeGraph.swift in Sources */,
			);
			runOnlyForDeploymentPostprocessing = 0;
		};
		871F0E2F2679EE6600BE1D4F /* Sources */ = {
			isa = PBXSourcesBuildPhase;
			buildActionMask = 2147483647;
			files = (
				871F0E382679EE6600BE1D4F /* Tests_iOS.swift in Sources */,
			);
			runOnlyForDeploymentPostprocessing = 0;
		};
		871F0E392679EE6600BE1D4F /* Sources */ = {
			isa = PBXSourcesBuildPhase;
			buildActionMask = 2147483647;
			files = (
				871F0E422679EE6600BE1D4F /* Tests_macOS.swift in Sources */,
			);
			runOnlyForDeploymentPostprocessing = 0;
		};
/* End PBXSourcesBuildPhase section */

/* Begin PBXTargetDependency section */
		871F0E352679EE6600BE1D4F /* PBXTargetDependency */ = {
			isa = PBXTargetDependency;
			target = 871F0E272679EE6600BE1D4F /* HelloSwiftUI (iOS) */;
			targetProxy = 871F0E342679EE6600BE1D4F /* PBXContainerItemProxy */;
		};
		871F0E3F2679EE6600BE1D4F /* PBXTargetDependency */ = {
			isa = PBXTargetDependency;
			target = 871F0E2D2679EE6600BE1D4F /* HelloSwiftUI (macOS) */;
			targetProxy = 871F0E3E2679EE6600BE1D4F /* PBXContainerItemProxy */;
		};
/* End PBXTargetDependency section */

/* Begin XCBuildConfiguration section */
		871F0E492679EE6600BE1D4F /* Debug */ = {
			isa = XCBuildConfiguration;
			buildSettings = {
				ALWAYS_SEARCH_USER_PATHS = NO;
				CLANG_ANALYZER_NONNULL = YES;
				CLANG_ANALYZER_NUMBER_OBJECT_CONVERSION = YES_AGGRESSIVE;
				CLANG_CXX_LANGUAGE_STANDARD = "gnu++14";
				CLANG_CXX_LIBRARY = "libc++";
				CLANG_ENABLE_MODULES = YES;
				CLANG_ENABLE_OBJC_ARC = YES;
				CLANG_ENABLE_OBJC_WEAK = YES;
				CLANG_WARN_BLOCK_CAPTURE_AUTORELEASING = YES;
				CLANG_WARN_BOOL_CONVERSION = YES;
				CLANG_WARN_COMMA = YES;
				CLANG_WARN_CONSTANT_CONVERSION = YES;
				CLANG_WARN_DEPRECATED_OBJC_IMPLEMENTATIONS = YES;
				CLANG_WARN_DIRECT_OBJC_ISA_USAGE = YES_ERROR;
				CLANG_WARN_DOCUMENTATION_COMMENTS = YES;
				CLANG_WARN_EMPTY_BODY = YES;
				CLANG_WARN_ENUM_CONVERSION = YES;
				CLANG_WARN_INFINITE_RECURSION = YES;
				CLANG_WARN_INT_CONVERSION = YES;
				CLANG_WARN_NON_LITERAL_NULL_CONVERSION = YES;
				CLANG_WARN_OBJC_IMPLICIT_RETAIN_SELF = YES;
				CLANG_WARN_OBJC_LITERAL_CONVERSION = YES;
				CLANG_WARN_OBJC_ROOT_CLASS = YES_ERROR;
				CLANG_WARN_QUOTED_INCLUDE_IN_FRAMEWORK_HEADER = YES;
				CLANG_WARN_RANGE_LOOP_ANALYSIS = YES;
				CLANG_WARN_STRICT_PROTOTYPES = YES;
				CLANG_WARN_SUSPICIOUS_MOVE = YES;
				CLANG_WARN_UNGUARDED_AVAILABILITY = YES_AGGRESSIVE;
				CLANG_WARN_UNREACHABLE_CODE = YES;
				CLANG_WARN__DUPLICATE_METHOD_MATCH = YES;
				COPY_PHASE_STRIP = NO;
				DEBUG_INFORMATION_FORMAT = dwarf;
				ENABLE_STRICT_OBJC_MSGSEND = YES;
				ENABLE_TESTABILITY = YES;
				GCC_C_LANGUAGE_STANDARD = gnu11;
				GCC_DYNAMIC_NO_PIC = NO;
				GCC_NO_COMMON_BLOCKS = YES;
				GCC_OPTIMIZATION_LEVEL = 0;
				GCC_PREPROCESSOR_DEFINITIONS = (
					"DEBUG=1",
					"$(inherited)",
				);
				GCC_WARN_64_TO_32_BIT_CONVERSION = YES;
				GCC_WARN_ABOUT_RETURN_TYPE = YES_ERROR;
				GCC_WARN_UNDECLARED_SELECTOR = YES;
				GCC_WARN_UNINITIALIZED_AUTOS = YES_AGGRESSIVE;
				GCC_WARN_UNUSED_FUNCTION = YES;
				GCC_WARN_UNUSED_VARIABLE = YES;
				MTL_ENABLE_DEBUG_INFO = INCLUDE_SOURCE;
				MTL_FAST_MATH = YES;
				ONLY_ACTIVE_ARCH = YES;
				SWIFT_ACTIVE_COMPILATION_CONDITIONS = DEBUG;
				SWIFT_OPTIMIZATION_LEVEL = "-Onone";
			};
			name = Debug;
		};
		871F0E4A2679EE6600BE1D4F /* Release */ = {
			isa = XCBuildConfiguration;
			buildSettings = {
				ALWAYS_SEARCH_USER_PATHS = NO;
				CLANG_ANALYZER_NONNULL = YES;
				CLANG_ANALYZER_NUMBER_OBJECT_CONVERSION = YES_AGGRESSIVE;
				CLANG_CXX_LANGUAGE_STANDARD = "gnu++14";
				CLANG_CXX_LIBRARY = "libc++";
				CLANG_ENABLE_MODULES = YES;
				CLANG_ENABLE_OBJC_ARC = YES;
				CLANG_ENABLE_OBJC_WEAK = YES;
				CLANG_WARN_BLOCK_CAPTURE_AUTORELEASING = YES;
				CLANG_WARN_BOOL_CONVERSION = YES;
				CLANG_WARN_COMMA = YES;
				CLANG_WARN_CONSTANT_CONVERSION = YES;
				CLANG_WARN_DEPRECATED_OBJC_IMPLEMENTATIONS = YES;
				CLANG_WARN_DIRECT_OBJC_ISA_USAGE = YES_ERROR;
				CLANG_WARN_DOCUMENTATION_COMMENTS = YES;
				CLANG_WARN_EMPTY_BODY = YES;
				CLANG_WARN_ENUM_CONVERSION = YES;
				CLANG_WARN_INFINITE_RECURSION = YES;
				CLANG_WARN_INT_CONVERSION = YES;
				CLANG_WARN_NON_LITERAL_NULL_CONVERSION = YES;
				CLANG_WARN_OBJC_IMPLICIT_RETAIN_SELF = YES;
				CLANG_WARN_OBJC_LITERAL_CONVERSION = YES;
				CLANG_WARN_OBJC_ROOT_CLASS = YES_ERROR;
				CLANG_WARN_QUOTED_INCLUDE_IN_FRAMEWORK_HEADER = YES;
				CLANG_WARN_RANGE_LOOP_ANALYSIS = YES;
				CLANG_WARN_STRICT_PROTOTYPES = YES;
				CLANG_WARN_SUSPICIOUS_MOVE = YES;
				CLANG_WARN_UNGUARDED_AVAILABILITY = YES_AGGRESSIVE;
				CLANG_WARN_UNREACHABLE_CODE = YES;
				CLANG_WARN__DUPLICATE_METHOD_MATCH = YES;
				COPY_PHASE_STRIP = NO;
				DEBUG_INFORMATION_FORMAT = "dwarf-with-dsym";
				ENABLE_NS_ASSERTIONS = NO;
				ENABLE_STRICT_OBJC_MSGSEND = YES;
				GCC_C_LANGUAGE_STANDARD = gnu11;
				GCC_NO_COMMON_BLOCKS = YES;
				GCC_WARN_64_TO_32_BIT_CONVERSION = YES;
				GCC_WARN_ABOUT_RETURN_TYPE = YES_ERROR;
				GCC_WARN_UNDECLARED_SELECTOR = YES;
				GCC_WARN_UNINITIALIZED_AUTOS = YES_AGGRESSIVE;
				GCC_WARN_UNUSED_FUNCTION = YES;
				GCC_WARN_UNUSED_VARIABLE = YES;
				MTL_ENABLE_DEBUG_INFO = NO;
				MTL_FAST_MATH = YES;
				SWIFT_COMPILATION_MODE = wholemodule;
				SWIFT_OPTIMIZATION_LEVEL = "-O";
			};
			name = Release;
		};
		871F0E4C2679EE6600BE1D4F /* Debug */ = {
			isa = XCBuildConfiguration;
			buildSettings = {
				ASSETCATALOG_COMPILER_APPICON_NAME = AppIcon;
				ASSETCATALOG_COMPILER_GLOBAL_ACCENT_COLOR_NAME = AccentColor;
				CODE_SIGN_STYLE = Automatic;
				CURRENT_PROJECT_VERSION = 1;
				DEVELOPMENT_TEAM = NS2DR378QV;
				ENABLE_PREVIEWS = YES;
				GENERATE_INFOPLIST_FILE = YES;
				INFOPLIST_KEY_UIApplicationSceneManifest_Generation = YES;
				INFOPLIST_KEY_UIApplicationSupportsIndirectInputEvents = YES;
				INFOPLIST_KEY_UILaunchScreen_Generation = YES;
				INFOPLIST_KEY_UISupportedInterfaceOrientations_iPad = "UIInterfaceOrientationPortrait UIInterfaceOrientationPortraitUpsideDown UIInterfaceOrientationLandscapeLeft UIInterfaceOrientationLandscapeRight";
				INFOPLIST_KEY_UISupportedInterfaceOrientations_iPhone = "UIInterfaceOrientationPortrait UIInterfaceOrientationLandscapeLeft UIInterfaceOrientationLandscapeRight";
				IPHONEOS_DEPLOYMENT_TARGET = 14.1;
				LD_RUNPATH_SEARCH_PATHS = (
					"$(inherited)",
					"@executable_path/Frameworks",
				);
				MARKETING_VERSION = 1.0;
				PRODUCT_BUNDLE_IDENTIFIER = com.stk.HelloSwiftUI;
				PRODUCT_NAME = HelloSwiftUI;
				SDKROOT = iphoneos;
				SWIFT_EMIT_LOC_STRINGS = YES;
				SWIFT_VERSION = 5.0;
				TARGETED_DEVICE_FAMILY = "1,2";
			};
			name = Debug;
		};
		871F0E4D2679EE6600BE1D4F /* Release */ = {
			isa = XCBuildConfiguration;
			buildSettings = {
				ASSETCATALOG_COMPILER_APPICON_NAME = AppIcon;
				ASSETCATALOG_COMPILER_GLOBAL_ACCENT_COLOR_NAME = AccentColor;
				CODE_SIGN_STYLE = Automatic;
				CURRENT_PROJECT_VERSION = 1;
				DEVELOPMENT_TEAM = NS2DR378QV;
				ENABLE_PREVIEWS = YES;
				GENERATE_INFOPLIST_FILE = YES;
				INFOPLIST_KEY_UIApplicationSceneManifest_Generation = YES;
				INFOPLIST_KEY_UIApplicationSupportsIndirectInputEvents = YES;
				INFOPLIST_KEY_UILaunchScreen_Generation = YES;
				INFOPLIST_KEY_UISupportedInterfaceOrientations_iPad = "UIInterfaceOrientationPortrait UIInterfaceOrientationPortraitUpsideDown UIInterfaceOrientationLandscapeLeft UIInterfaceOrientationLandscapeRight";
				INFOPLIST_KEY_UISupportedInterfaceOrientations_iPhone = "UIInterfaceOrientationPortrait UIInterfaceOrientationLandscapeLeft UIInterfaceOrientationLandscapeRight";
				IPHONEOS_DEPLOYMENT_TARGET = 14.1;
				LD_RUNPATH_SEARCH_PATHS = (
					"$(inherited)",
					"@executable_path/Frameworks",
				);
				MARKETING_VERSION = 1.0;
				PRODUCT_BUNDLE_IDENTIFIER = com.stk.HelloSwiftUI;
				PRODUCT_NAME = HelloSwiftUI;
				SDKROOT = iphoneos;
				SWIFT_EMIT_LOC_STRINGS = YES;
				SWIFT_VERSION = 5.0;
				TARGETED_DEVICE_FAMILY = "1,2";
				VALIDATE_PRODUCT = YES;
			};
			name = Release;
		};
		871F0E4F2679EE6600BE1D4F /* Debug */ = {
			isa = XCBuildConfiguration;
			buildSettings = {
				ASSETCATALOG_COMPILER_APPICON_NAME = AppIcon;
				ASSETCATALOG_COMPILER_GLOBAL_ACCENT_COLOR_NAME = AccentColor;
				CODE_SIGN_STYLE = Automatic;
				COMBINE_HIDPI_IMAGES = YES;
				CURRENT_PROJECT_VERSION = 1;
				DEVELOPMENT_TEAM = NS2DR378QV;
				ENABLE_APP_SANDBOX = YES;
				ENABLE_HARDENED_RUNTIME = YES;
				ENABLE_PREVIEWS = YES;
				ENABLE_USER_SELECTED_FILES = readonly;
				GENERATE_INFOPLIST_FILE = YES;
				INFOPLIST_KEY_NSHumanReadableCopyright = "";
				LD_RUNPATH_SEARCH_PATHS = (
					"$(inherited)",
					"@executable_path/../Frameworks",
				);
				MACOSX_DEPLOYMENT_TARGET = 11.0;
				MARKETING_VERSION = 1.0;
				PRODUCT_BUNDLE_IDENTIFIER = com.stk.HelloSwiftUI;
				PRODUCT_NAME = HelloSwiftUI;
				SDKROOT = macosx;
				SWIFT_EMIT_LOC_STRINGS = YES;
				SWIFT_VERSION = 5.0;
			};
			name = Debug;
		};
		871F0E502679EE6600BE1D4F /* Release */ = {
			isa = XCBuildConfiguration;
			buildSettings = {
				ASSETCATALOG_COMPILER_APPICON_NAME = AppIcon;
				ASSETCATALOG_COMPILER_GLOBAL_ACCENT_COLOR_NAME = AccentColor;
				CODE_SIGN_STYLE = Automatic;
				COMBINE_HIDPI_IMAGES = YES;
				CURRENT_PROJECT_VERSION = 1;
				DEVELOPMENT_TEAM = NS2DR378QV;
				ENABLE_APP_SANDBOX = YES;
				ENABLE_HARDENED_RUNTIME = YES;
				ENABLE_PREVIEWS = YES;
				ENABLE_USER_SELECTED_FILES = readonly;
				GENERATE_INFOPLIST_FILE = YES;
				INFOPLIST_KEY_NSHumanReadableCopyright = "";
				LD_RUNPATH_SEARCH_PATHS = (
					"$(inherited)",
					"@executable_path/../Frameworks",
				);
				MACOSX_DEPLOYMENT_TARGET = 11.0;
				MARKETING_VERSION = 1.0;
				PRODUCT_BUNDLE_IDENTIFIER = com.stk.HelloSwiftUI;
				PRODUCT_NAME = HelloSwiftUI;
				SDKROOT = macosx;
				SWIFT_EMIT_LOC_STRINGS = YES;
				SWIFT_VERSION = 5.0;
			};
			name = Release;
		};
		871F0E522679EE6600BE1D4F /* Debug */ = {
			isa = XCBuildConfiguration;
			buildSettings = {
				ALWAYS_EMBED_SWIFT_STANDARD_LIBRARIES = YES;
				CODE_SIGN_STYLE = Automatic;
				CURRENT_PROJECT_VERSION = 1;
				DEVELOPMENT_TEAM = NS2DR378QV;
				GENERATE_INFOPLIST_FILE = YES;
				IPHONEOS_DEPLOYMENT_TARGET = 15.0;
				LD_RUNPATH_SEARCH_PATHS = (
					"$(inherited)",
					"@executable_path/Frameworks",
					"@loader_path/Frameworks",
				);
				MARKETING_VERSION = 1.0;
				PRODUCT_BUNDLE_IDENTIFIER = "com.stk.Tests-iOS";
				PRODUCT_NAME = "$(TARGET_NAME)";
				SDKROOT = iphoneos;
				SWIFT_EMIT_LOC_STRINGS = NO;
				SWIFT_VERSION = 5.0;
				TARGETED_DEVICE_FAMILY = "1,2";
				TEST_TARGET_NAME = "HelloSwiftUI (iOS)";
			};
			name = Debug;
		};
		871F0E532679EE6600BE1D4F /* Release */ = {
			isa = XCBuildConfiguration;
			buildSettings = {
				ALWAYS_EMBED_SWIFT_STANDARD_LIBRARIES = YES;
				CODE_SIGN_STYLE = Automatic;
				CURRENT_PROJECT_VERSION = 1;
				DEVELOPMENT_TEAM = NS2DR378QV;
				GENERATE_INFOPLIST_FILE = YES;
				IPHONEOS_DEPLOYMENT_TARGET = 15.0;
				LD_RUNPATH_SEARCH_PATHS = (
					"$(inherited)",
					"@executable_path/Frameworks",
					"@loader_path/Frameworks",
				);
				MARKETING_VERSION = 1.0;
				PRODUCT_BUNDLE_IDENTIFIER = "com.stk.Tests-iOS";
				PRODUCT_NAME = "$(TARGET_NAME)";
				SDKROOT = iphoneos;
				SWIFT_EMIT_LOC_STRINGS = NO;
				SWIFT_VERSION = 5.0;
				TARGETED_DEVICE_FAMILY = "1,2";
				TEST_TARGET_NAME = "HelloSwiftUI (iOS)";
				VALIDATE_PRODUCT = YES;
			};
			name = Release;
		};
		871F0E552679EE6600BE1D4F /* Debug */ = {
			isa = XCBuildConfiguration;
			buildSettings = {
				ALWAYS_EMBED_SWIFT_STANDARD_LIBRARIES = YES;
				CODE_SIGN_STYLE = Automatic;
				COMBINE_HIDPI_IMAGES = YES;
				CURRENT_PROJECT_VERSION = 1;
				DEVELOPMENT_TEAM = NS2DR378QV;
				GENERATE_INFOPLIST_FILE = YES;
				LD_RUNPATH_SEARCH_PATHS = (
					"$(inherited)",
					"@executable_path/../Frameworks",
					"@loader_path/../Frameworks",
				);
				MACOSX_DEPLOYMENT_TARGET = 11.4;
				MARKETING_VERSION = 1.0;
				PRODUCT_BUNDLE_IDENTIFIER = "com.stk.Tests-macOS";
				PRODUCT_NAME = "$(TARGET_NAME)";
				SDKROOT = macosx;
				SWIFT_EMIT_LOC_STRINGS = NO;
				SWIFT_VERSION = 5.0;
				TEST_TARGET_NAME = "HelloSwiftUI (macOS)";
			};
			name = Debug;
		};
		871F0E562679EE6600BE1D4F /* Release */ = {
			isa = XCBuildConfiguration;
			buildSettings = {
				ALWAYS_EMBED_SWIFT_STANDARD_LIBRARIES = YES;
				CODE_SIGN_STYLE = Automatic;
				COMBINE_HIDPI_IMAGES = YES;
				CURRENT_PROJECT_VERSION = 1;
				DEVELOPMENT_TEAM = NS2DR378QV;
				GENERATE_INFOPLIST_FILE = YES;
				LD_RUNPATH_SEARCH_PATHS = (
					"$(inherited)",
					"@executable_path/../Frameworks",
					"@loader_path/../Frameworks",
				);
				MACOSX_DEPLOYMENT_TARGET = 11.4;
				MARKETING_VERSION = 1.0;
				PRODUCT_BUNDLE_IDENTIFIER = "com.stk.Tests-macOS";
				PRODUCT_NAME = "$(TARGET_NAME)";
				SDKROOT = macosx;
				SWIFT_EMIT_LOC_STRINGS = NO;
				SWIFT_VERSION = 5.0;
				TEST_TARGET_NAME = "HelloSwiftUI (macOS)";
			};
			name = Release;
		};
/* End XCBuildConfiguration section */

/* Begin XCConfigurationList section */
		871F0E1F2679EE6400BE1D4F /* Build configuration list for PBXProject "HelloSwiftUI" */ = {
			isa = XCConfigurationList;
			buildConfigurations = (
				871F0E492679EE6600BE1D4F /* Debug */,
				871F0E4A2679EE6600BE1D4F /* Release */,
			);
			defaultConfigurationIsVisible = 0;
			defaultConfigurationName = Release;
		};
		871F0E4B2679EE6600BE1D4F /* Build configuration list for PBXNativeTarget "HelloSwiftUI (iOS)" */ = {
			isa = XCConfigurationList;
			buildConfigurations = (
				871F0E4C2679EE6600BE1D4F /* Debug */,
				871F0E4D2679EE6600BE1D4F /* Release */,
			);
			defaultConfigurationIsVisible = 0;
			defaultConfigurationName = Release;
		};
		871F0E4E2679EE6600BE1D4F /* Build configuration list for PBXNativeTarget "HelloSwiftUI (macOS)" */ = {
			isa = XCConfigurationList;
			buildConfigurations = (
				871F0E4F2679EE6600BE1D4F /* Debug */,
				871F0E502679EE6600BE1D4F /* Release */,
			);
			defaultConfigurationIsVisible = 0;
			defaultConfigurationName = Release;
		};
		871F0E512679EE6600BE1D4F /* Build configuration list for PBXNativeTarget "Tests iOS" */ = {
			isa = XCConfigurationList;
			buildConfigurations = (
				871F0E522679EE6600BE1D4F /* Debug */,
				871F0E532679EE6600BE1D4F /* Release */,
			);
			defaultConfigurationIsVisible = 0;
			defaultConfigurationName = Release;
		};
		871F0E542679EE6600BE1D4F /* Build configuration list for PBXNativeTarget "Tests macOS" */ = {
			isa = XCConfigurationList;
			buildConfigurations = (
				871F0E552679EE6600BE1D4F /* Debug */,
				871F0E562679EE6600BE1D4F /* Release */,
			);
			defaultConfigurationIsVisible = 0;
			defaultConfigurationName = Release;
		};
/* End XCConfigurationList section */
	};
	rootObject = 871F0E1C2679EE6400BE1D4F /* Project object */;
}
