// !$*UTF8*$!
{
	archiveVersion = 1;
	classes = {
	};
	objectVersion = 55;
	objects = {

/* Begin PBXBuildFile section */
		871F0E382679EE6600BE1D4F /* Tests_iOS.swift in Sources */ = {isa = PBXBuildFile; fileRef = 871F0E372679EE6600BE1D4F /* Tests_iOS.swift */; };
		871F0E422679EE6600BE1D4F /* Tests_macOS.swift in Sources */ = {isa = PBXBuildFile; fileRef = 871F0E412679EE6600BE1D4F /* Tests_macOS.swift */; };
		871F0E432679EE6600BE1D4F /* HelloSwiftUIApp.swift in Sources */ = {isa = PBXBuildFile; fileRef = 871F0E212679EE6400BE1D4F /* HelloSwiftUIApp.swift */; };
		871F0E442679EE6600BE1D4F /* HelloSwiftUIApp.swift in Sources */ = {isa = PBXBuildFile; fileRef = 871F0E212679EE6400BE1D4F /* HelloSwiftUIApp.swift */; };
		871F0E452679EE6600BE1D4F /* ContentView.swift in Sources */ = {isa = PBXBuildFile; fileRef = 871F0E222679EE6400BE1D4F /* ContentView.swift */; };
		871F0E462679EE6600BE1D4F /* ContentView.swift in Sources */ = {isa = PBXBuildFile; fileRef = 871F0E222679EE6400BE1D4F /* ContentView.swift */; };
		871F0E472679EE6600BE1D4F /* Assets.xcassets in Resources */ = {isa = PBXBuildFile; fileRef = 871F0E232679EE6600BE1D4F /* Assets.xcassets */; };
		871F0E482679EE6600BE1D4F /* Assets.xcassets in Resources */ = {isa = PBXBuildFile; fileRef = 871F0E232679EE6600BE1D4F /* Assets.xcassets */; };
		871F0E58267A032900BE1D4F /* CircleImage.swift in Sources */ = {isa = PBXBuildFile; fileRef = 871F0E57267A032900BE1D4F /* CircleImage.swift */; };
		871F0E59267A032900BE1D4F /* CircleImage.swift in Sources */ = {isa = PBXBuildFile; fileRef = 871F0E57267A032900BE1D4F /* CircleImage.swift */; };
		871F0E5B267A045100BE1D4F /* MapView.swift in Sources */ = {isa = PBXBuildFile; fileRef = 871F0E5A267A045100BE1D4F /* MapView.swift */; };
		871F0E5C267A045100BE1D4F /* MapView.swift in Sources */ = {isa = PBXBuildFile; fileRef = 871F0E5A267A045100BE1D4F /* MapView.swift */; };
/* End PBXBuildFile section */

/* Begin PBXContainerItemProxy section */
		871F0E342679EE6600BE1D4F /* PBXContainerItemProxy */ = {
			isa = PBXContainerItemProxy;
			containerPortal = 871F0E1C2679EE6400BE1D4F /* Project object */;
			proxyType = 1;
			remoteGlobalIDString = 871F0E272679EE6600BE1D4F;
			remoteInfo = "HelloSwiftUI (iOS)";
		};
		871F0E3E2679EE6600BE1D4F /* PBXContainerItemProxy */ = {
			isa = PBXContainerItemProxy;
			containerPortal = 871F0E1C2679EE6400BE1D4F /* Project object */;
			proxyType = 1;
			remoteGlobalIDString = 871F0E2D2679EE6600BE1D4F;
			remoteInfo = "HelloSwiftUI (macOS)";
		};
/* End PBXContainerItemProxy section */

/* Begin PBXFileReference section */
		871F0E212679EE6400BE1D4F /* HelloSwiftUIApp.swift */ = {isa = PBXFileReference; lastKnownFileType = sourcecode.swift; path = HelloSwiftUIApp.swift; sourceTree = "<group>"; };
		871F0E222679EE6400BE1D4F /* ContentView.swift */ = {isa = PBXFileReference; lastKnownFileType = sourcecode.swift; path = ContentView.swift; sourceTree = "<group>"; };
		871F0E232679EE6600BE1D4F /* Assets.xcassets */ = {isa = PBXFileReference; lastKnownFileType = folder.assetcatalog; path = Assets.xcassets; sourceTree = "<group>"; };
		871F0E282679EE6600BE1D4F /* HelloSwiftUI.app */ = {isa = PBXFileReference; explicitFileType = wrapper.application; includeInIndex = 0; path = HelloSwiftUI.app; sourceTree = BUILT_PRODUCTS_DIR; };
		871F0E2E2679EE6600BE1D4F /* HelloSwiftUI.app */ = {isa = PBXFileReference; explicitFileType = wrapper.application; includeInIndex = 0; path = HelloSwiftUI.app; sourceTree = BUILT_PRODUCTS_DIR; };
		871F0E332679EE6600BE1D4F /* Tests iOS.xctest */ = {isa = PBXFileReference; explicitFileType = wrapper.cfbundle; includeInIndex = 0; path = "Tests iOS.xctest"; sourceTree = BUILT_PRODUCTS_DIR; };
		871F0E372679EE6600BE1D4F /* Tests_iOS.swift */ = {isa = PBXFileReference; lastKnownFileType = sourcecode.swift; path = Tests_iOS.swift; sourceTree = "<group>"; };
		871F0E3D2679EE6600BE1D4F /* Tests macOS.xctest */ = {isa = PBXFileReference; explicitFileType = wrapper.cfbundle; includeInIndex = 0; path = "Tests macOS.xctest"; sourceTree = BUILT_PRODUCTS_DIR; };
		871F0E412679EE6600BE1D4F /* Tests_macOS.swift */ = {isa = PBXFileReference; lastKnownFileType = sourcecode.swift; path = Tests_macOS.swift; sourceTree = "<group>"; };
		871F0E57267A032900BE1D4F /* CircleImage.swift */ = {isa = PBXFileReference; lastKnownFileType = sourcecode.swift; path = CircleImage.swift; sourceTree = "<group>"; };
		871F0E5A267A045100BE1D4F /* MapView.swift */ = {isa = PBXFileReference; lastKnownFileType = sourcecode.swift; path = MapView.swift; sourceTree = "<group>"; };
/* End PBXFileReference section */

/* Begin PBXFrameworksBuildPhase section */
		871F0E252679EE6600BE1D4F /* Frameworks */ = {
			isa = PBXFrameworksBuildPhase;
			buildActionMask = 2147483647;
			files = (
			);
			runOnlyForDeploymentPostprocessing = 0;
		};
		871F0E2B2679EE6600BE1D4F /* Frameworks */ = {
			isa = PBXFrameworksBuildPhase;
			buildActionMask = 2147483647;
			files = (
			);
			runOnlyForDeploymentPostprocessing = 0;
		};
		871F0E302679EE6600BE1D4F /* Frameworks */ = {
			isa = PBXFrameworksBuildPhase;
			buildActionMask = 2147483647;
			files = (
			);
			runOnlyForDeploymentPostprocessing = 0;
		};
		871F0E3A2679EE6600BE1D4F /* Frameworks */ = {
			isa = PBXFrameworksBuildPhase;
			buildActionMask = 2147483647;
			files = (
			);
			runOnlyForDeploymentPostprocessing = 0;
		};
/* End PBXFrameworksBuildPhase section */

/* Begin PBXGroup section */
		871F0E1B2679EE6400BE1D4F = {
			isa = PBXGroup;
			children = (
				871F0E202679EE6400BE1D4F /* Shared */,
				871F0E362679EE6600BE1D4F /* Tests iOS */,
				871F0E402679EE6600BE1D4F /* Tests macOS */,
				871F0E292679EE6600BE1D4F /* Products */,
			);
			sourceTree = "<group>";
		};
		871F0E202679EE6400BE1D4F /* Shared */ = {
			isa = PBXGroup;
			children = (
				871F0E212679EE6400BE1D4F /* HelloSwiftUIApp.swift */,
				871F0E222679EE6400BE1D4F /* ContentView.swift */,
				871F0E232679EE6600BE1D4F /* Assets.xcassets */,
				871F0E57267A032900BE1D4F /* CircleImage.swift */,
				871F0E5A267A045100BE1D4F /* MapView.swift */,
			);
			path = Shared;
			sourceTree = "<group>";
		};
		871F0E292679EE6600BE1D4F /* Products */ = {
			isa = PBXGroup;
			children = (
				871F0E282679EE6600BE1D4F /* HelloSwiftUI.app */,
				871F0E2E2679EE6600BE1D4F /* HelloSwiftUI.app */,
				871F0E332679EE6600BE1D4F /* Tests iOS.xctest */,
				871F0E3D2679EE6600BE1D4F /* Tests macOS.xctest */,
			);
			name = Products;
			sourceTree = "<group>";
		};
		871F0E362679EE6600BE1D4F /* Tests iOS */ = {
			isa = PBXGroup;
			children = (
				871F0E372679EE6600BE1D4F /* Tests_iOS.swift */,
			);
			path = "Tests iOS";
			sourceTree = "<group>";
		};
		871F0E402679EE6600BE1D4F /* Tests macOS */ = {
			isa = PBXGroup;
			children = (
				871F0E412679EE6600BE1D4F /* Tests_macOS.swift */,
			);
			path = "Tests macOS";
			sourceTree = "<group>";
		};
/* End PBXGroup section */

/* Begin PBXNativeTarget section */
		871F0E272679EE6600BE1D4F /* HelloSwiftUI (iOS) */ = {
			isa = PBXNativeTarget;
			buildConfigurationList = 871F0E4B2679EE6600BE1D4F /* Build configuration list for PBXNativeTarget "HelloSwiftUI (iOS)" */;
			buildPhases = (
				871F0E242679EE6600BE1D4F /* Sources */,
				871F0E252679EE6600BE1D4F /* Frameworks */,
				871F0E262679EE6600BE1D4F /* Resources */,
			);
			buildRules = (
			);
			dependencies = (
			);
			name = "HelloSwiftUI (iOS)";
			productName = "HelloSwiftUI (iOS)";
			productReference = 871F0E282679EE6600BE1D4F /* HelloSwiftUI.app */;
			productType = "com.apple.product-type.application";
		};
		871F0E2D2679EE6600BE1D4F /* HelloSwiftUI (macOS) */ = {
			isa = PBXNativeTarget;
			buildConfigurationList = 871F0E4E2679EE6600BE1D4F /* Build configuration list for PBXNativeTarget "HelloSwiftUI (macOS)" */;
			buildPhases = (
				871F0E2A2679EE6600BE1D4F /* Sources */,
				871F0E2B2679EE6600BE1D4F /* Frameworks */,
				871F0E2C2679EE6600BE1D4F /* Resources */,
			);
			buildRules = (
			);
			dependencies = (
			);
			name = "HelloSwiftUI (macOS)";
			productName = "HelloSwiftUI (macOS)";
			productReference = 871F0E2E2679EE6600BE1D4F /* HelloSwiftUI.app */;
			productType = "com.apple.product-type.application";
		};
		871F0E322679EE6600BE1D4F /* Tests iOS */ = {
			isa = PBXNativeTarget;
			buildConfigurationList = 871F0E512679EE6600BE1D4F /* Build configuration list for PBXNativeTarget "Tests iOS" */;
			buildPhases = (
				871F0E2F2679EE6600BE1D4F /* Sources */,
				871F0E302679EE6600BE1D4F /* Frameworks */,
				871F0E312679EE6600BE1D4F /* Resources */,
			);
			buildRules = (
			);
			dependencies = (
				871F0E352679EE6600BE1D4F /* PBXTargetDependency */,
			);
			name = "Tests iOS";
			productName = "Tests iOS";
			productReference = 871F0E332679EE6600BE1D4F /* Tests iOS.xctest */;
			productType = "com.apple.product-type.bundle.ui-testing";
		};
		871F0E3C2679EE6600BE1D4F /* Tests macOS */ = {
			isa = PBXNativeTarget;
			buildConfigurationList = 871F0E542679EE6600BE1D4F /* Build configuration list for PBXNativeTarget "Tests macOS" */;
			buildPhases = (
				871F0E392679EE6600BE1D4F /* Sources */,
				871F0E3A2679EE6600BE1D4F /* Frameworks */,
				871F0E3B2679EE6600BE1D4F /* Resources */,
			);
			buildRules = (
			);
			dependencies = (
				871F0E3F2679EE6600BE1D4F /* PBXTargetDependency */,
			);
			name = "Tests macOS";
			productName = "Tests macOS";
			productReference = 871F0E3D2679EE6600BE1D4F /* Tests macOS.xctest */;
			productType = "com.apple.product-type.bundle.ui-testing";
		};
/* End PBXNativeTarget section */

/* Begin PBXProject section */
		871F0E1C2679EE6400BE1D4F /* Project object */ = {
			isa = PBXProject;
			attributes = {
				BuildIndependentTargetsInParallel = 1;
				LastSwiftUpdateCheck = 1300;
				LastUpgradeCheck = 1300;
				TargetAttributes = {
					871F0E272679EE6600BE1D4F = {
						CreatedOnToolsVersion = 13.0;
					};
					871F0E2D2679EE6600BE1D4F = {
						CreatedOnToolsVersion = 13.0;
					};
					871F0E322679EE6600BE1D4F = {
						CreatedOnToolsVersion = 13.0;
						TestTargetID = 871F0E272679EE6600BE1D4F;
					};
					871F0E3C2679EE6600BE1D4F = {
						CreatedOnToolsVersion = 13.0;
						TestTargetID = 871F0E2D2679EE6600BE1D4F;
					};
				};
			};
			buildConfigurationList = 871F0E1F2679EE6400BE1D4F /* Build configuration list for PBXProject "HelloSwiftUI" */;
			compatibilityVersion = "Xcode 13.0";
			developmentRegion = en;
			hasScannedForEncodings = 0;
			knownRegions = (
				en,
				Base,
			);
			mainGroup = 871F0E1B2679EE6400BE1D4F;
			productRefGroup = 871F0E292679EE6600BE1D4F /* Products */;
			projectDirPath = "";
			projectRoot = "";
			targets = (
				871F0E272679EE6600BE1D4F /* HelloSwiftUI (iOS) */,
				871F0E2D2679EE6600BE1D4F /* HelloSwiftUI (macOS) */,
				871F0E322679EE6600BE1D4F /* Tests iOS */,
				871F0E3C2679EE6600BE1D4F /* Tests macOS */,
			);
		};
/* End PBXProject section */

/* Begin PBXResourcesBuildPhase section */
		871F0E262679EE6600BE1D4F /* Resources */ = {
			isa = PBXResourcesBuildPhase;
			buildActionMask = 2147483647;
			files = (
				871F0E472679EE6600BE1D4F /* Assets.xcassets in Resources */,
			);
			runOnlyForDeploymentPostprocessing = 0;
		};
		871F0E2C2679EE6600BE1D4F /* Resources */ = {
			isa = PBXResourcesBuildPhase;
			buildActionMask = 2147483647;
			files = (
				871F0E482679EE6600BE1D4F /* Assets.xcassets in Resources */,
			);
			runOnlyForDeploymentPostprocessing = 0;
		};
		871F0E312679EE6600BE1D4F /* Resources */ = {
			isa = PBXResourcesBuildPhase;
			buildActionMask = 2147483647;
			files = (
			);
			runOnlyForDeploymentPostprocessing = 0;
		};
		871F0E3B2679EE6600BE1D4F /* Resources */ = {
			isa = PBXResourcesBuildPhase;
			buildActionMask = 2147483647;
			files = (
			);
			runOnlyForDeploymentPostprocessing = 0;
		};
/* End PBXResourcesBuildPhase section */

/* Begin PBXSourcesBuildPhase section */
		871F0E242679EE6600BE1D4F /* Sources */ = {
			isa = PBXSourcesBuildPhase;
			buildActionMask = 2147483647;
			files = (
				871F0E452679EE6600BE1D4F /* ContentView.swift in Sources */,
				871F0E5B267A045100BE1D4F /* MapView.swift in Sources */,
				871F0E432679EE6600BE1D4F /* HelloSwiftUIApp.swift in Sources */,
				871F0E58267A032900BE1D4F /* CircleImage.swift in Sources */,
			);
			runOnlyForDeploymentPostprocessing = 0;
		};
		871F0E2A2679EE6600BE1D4F /* Sources */ = {
			isa = PBXSourcesBuildPhase;
			buildActionMask = 2147483647;
			files = (
				871F0E462679EE6600BE1D4F /* ContentView.swift in Sources */,
				871F0E5C267A045100BE1D4F /* MapView.swift in Sources */,
				871F0E442679EE6600BE1D4F /* HelloSwiftUIApp.swift in Sources */,
				871F0E59267A032900BE1D4F /* CircleImage.swift in Sources */,
			);
			runOnlyForDeploymentPostprocessing = 0;
		};
		871F0E2F2679EE6600BE1D4F /* Sources */ = {
			isa = PBXSourcesBuildPhase;
			buildActionMask = 2147483647;
			files = (
				871F0E382679EE6600BE1D4F /* Tests_iOS.swift in Sources */,
			);
			runOnlyForDeploymentPostprocessing = 0;
		};
		871F0E392679EE6600BE1D4F /* Sources */ = {
			isa = PBXSourcesBuildPhase;
			buildActionMask = 2147483647;
			files = (
				871F0E422679EE6600BE1D4F /* Tests_macOS.swift in Sources */,
			);
			runOnlyForDeploymentPostprocessing = 0;
		};
/* End PBXSourcesBuildPhase section */

/* Begin PBXTargetDependency section */
		871F0E352679EE6600BE1D4F /* PBXTargetDependency */ = {
			isa = PBXTargetDependency;
			target = 871F0E272679EE6600BE1D4F /* HelloSwiftUI (iOS) */;
			targetProxy = 871F0E342679EE6600BE1D4F /* PBXContainerItemProxy */;
		};
		871F0E3F2679EE6600BE1D4F /* PBXTargetDependency */ = {
			isa = PBXTargetDependency;
			target = 871F0E2D2679EE6600BE1D4F /* HelloSwiftUI (macOS) */;
			targetProxy = 871F0E3E2679EE6600BE1D4F /* PBXContainerItemProxy */;
		};
/* End PBXTargetDependency section */

/* Begin XCBuildConfiguration section */
		871F0E492679EE6600BE1D4F /* Debug */ = {
			isa = XCBuildConfiguration;
			buildSettings = {
				ALWAYS_SEARCH_USER_PATHS = NO;
				CLANG_ANALYZER_NONNULL = YES;
				CLANG_ANALYZER_NUMBER_OBJECT_CONVERSION = YES_AGGRESSIVE;
				CLANG_CXX_LANGUAGE_STANDARD = "gnu++14";
				CLANG_CXX_LIBRARY = "libc++";
				CLANG_ENABLE_MODULES = YES;
				CLANG_ENABLE_OBJC_ARC = YES;
				CLANG_ENABLE_OBJC_WEAK = YES;
				CLANG_WARN_BLOCK_CAPTURE_AUTORELEASING = YES;
				CLANG_WARN_BOOL_CONVERSION = YES;
				CLANG_WARN_COMMA = YES;
				CLANG_WARN_CONSTANT_CONVERSION = YES;
				CLANG_WARN_DEPRECATED_OBJC_IMPLEMENTATIONS = YES;
				CLANG_WARN_DIRECT_OBJC_ISA_USAGE = YES_ERROR;
				CLANG_WARN_DOCUMENTATION_COMMENTS = YES;
				CLANG_WARN_EMPTY_BODY = YES;
				CLANG_WARN_ENUM_CONVERSION = YES;
				CLANG_WARN_INFINITE_RECURSION = YES;
				CLANG_WARN_INT_CONVERSION = YES;
				CLANG_WARN_NON_LITERAL_NULL_CONVERSION = YES;
				CLANG_WARN_OBJC_IMPLICIT_RETAIN_SELF = YES;
				CLANG_WARN_OBJC_LITERAL_CONVERSION = YES;
				CLANG_WARN_OBJC_ROOT_CLASS = YES_ERROR;
				CLANG_WARN_QUOTED_INCLUDE_IN_FRAMEWORK_HEADER = YES;
				CLANG_WARN_RANGE_LOOP_ANALYSIS = YES;
				CLANG_WARN_STRICT_PROTOTYPES = YES;
				CLANG_WARN_SUSPICIOUS_MOVE = YES;
				CLANG_WARN_UNGUARDED_AVAILABILITY = YES_AGGRESSIVE;
				CLANG_WARN_UNREACHABLE_CODE = YES;
				CLANG_WARN__DUPLICATE_METHOD_MATCH = YES;
				COPY_PHASE_STRIP = NO;
				DEBUG_INFORMATION_FORMAT = dwarf;
				ENABLE_STRICT_OBJC_MSGSEND = YES;
				ENABLE_TESTABILITY = YES;
				GCC_C_LANGUAGE_STANDARD = gnu11;
				GCC_DYNAMIC_NO_PIC = NO;
				GCC_NO_COMMON_BLOCKS = YES;
				GCC_OPTIMIZATION_LEVEL = 0;
				GCC_PREPROCESSOR_DEFINITIONS = (
					"DEBUG=1",
					"$(inherited)",
				);
				GCC_WARN_64_TO_32_BIT_CONVERSION = YES;
				GCC_WARN_ABOUT_RETURN_TYPE = YES_ERROR;
				GCC_WARN_UNDECLARED_SELECTOR = YES;
				GCC_WARN_UNINITIALIZED_AUTOS = YES_AGGRESSIVE;
				GCC_WARN_UNUSED_FUNCTION = YES;
				GCC_WARN_UNUSED_VARIABLE = YES;
				MTL_ENABLE_DEBUG_INFO = INCLUDE_SOURCE;
				MTL_FAST_MATH = YES;
				ONLY_ACTIVE_ARCH = YES;
				SWIFT_ACTIVE_COMPILATION_CONDITIONS = DEBUG;
				SWIFT_OPTIMIZATION_LEVEL = "-Onone";
			};
			name = Debug;
		};
		871F0E4A2679EE6600BE1D4F /* Release */ = {
			isa = XCBuildConfiguration;
			buildSettings = {
				ALWAYS_SEARCH_USER_PATHS = NO;
				CLANG_ANALYZER_NONNULL = YES;
				CLANG_ANALYZER_NUMBER_OBJECT_CONVERSION = YES_AGGRESSIVE;
				CLANG_CXX_LANGUAGE_STANDARD = "gnu++14";
				CLANG_CXX_LIBRARY = "libc++";
				CLANG_ENABLE_MODULES = YES;
				CLANG_ENABLE_OBJC_ARC = YES;
				CLANG_ENABLE_OBJC_WEAK = YES;
				CLANG_WARN_BLOCK_CAPTURE_AUTORELEASING = YES;
				CLANG_WARN_BOOL_CONVERSION = YES;
				CLANG_WARN_COMMA = YES;
				CLANG_WARN_CONSTANT_CONVERSION = YES;
				CLANG_WARN_DEPRECATED_OBJC_IMPLEMENTATIONS = YES;
				CLANG_WARN_DIRECT_OBJC_ISA_USAGE = YES_ERROR;
				CLANG_WARN_DOCUMENTATION_COMMENTS = YES;
				CLANG_WARN_EMPTY_BODY = YES;
				CLANG_WARN_ENUM_CONVERSION = YES;
				CLANG_WARN_INFINITE_RECURSION = YES;
				CLANG_WARN_INT_CONVERSION = YES;
				CLANG_WARN_NON_LITERAL_NULL_CONVERSION = YES;
				CLANG_WARN_OBJC_IMPLICIT_RETAIN_SELF = YES;
				CLANG_WARN_OBJC_LITERAL_CONVERSION = YES;
				CLANG_WARN_OBJC_ROOT_CLASS = YES_ERROR;
				CLANG_WARN_QUOTED_INCLUDE_IN_FRAMEWORK_HEADER = YES;
				CLANG_WARN_RANGE_LOOP_ANALYSIS = YES;
				CLANG_WARN_STRICT_PROTOTYPES = YES;
				CLANG_WARN_SUSPICIOUS_MOVE = YES;
				CLANG_WARN_UNGUARDED_AVAILABILITY = YES_AGGRESSIVE;
				CLANG_WARN_UNREACHABLE_CODE = YES;
				CLANG_WARN__DUPLICATE_METHOD_MATCH = YES;
				COPY_PHASE_STRIP = NO;
				DEBUG_INFORMATION_FORMAT = "dwarf-with-dsym";
				ENABLE_NS_ASSERTIONS = NO;
				ENABLE_STRICT_OBJC_MSGSEND = YES;
				GCC_C_LANGUAGE_STANDARD = gnu11;
				GCC_NO_COMMON_BLOCKS = YES;
				GCC_WARN_64_TO_32_BIT_CONVERSION = YES;
				GCC_WARN_ABOUT_RETURN_TYPE = YES_ERROR;
				GCC_WARN_UNDECLARED_SELECTOR = YES;
				GCC_WARN_UNINITIALIZED_AUTOS = YES_AGGRESSIVE;
				GCC_WARN_UNUSED_FUNCTION = YES;
				GCC_WARN_UNUSED_VARIABLE = YES;
				MTL_ENABLE_DEBUG_INFO = NO;
				MTL_FAST_MATH = YES;
				SWIFT_COMPILATION_MODE = wholemodule;
				SWIFT_OPTIMIZATION_LEVEL = "-O";
			};
			name = Release;
		};
		871F0E4C2679EE6600BE1D4F /* Debug */ = {
			isa = XCBuildConfiguration;
			buildSettings = {
				ASSETCATALOG_COMPILER_APPICON_NAME = AppIcon;
				ASSETCATALOG_COMPILER_GLOBAL_ACCENT_COLOR_NAME = AccentColor;
				CODE_SIGN_STYLE = Automatic;
				CURRENT_PROJECT_VERSION = 1;
				DEVELOPMENT_TEAM = NS2DR378QV;
				ENABLE_PREVIEWS = YES;
				GENERATE_INFOPLIST_FILE = YES;
				INFOPLIST_KEY_UIApplicationSceneManifest_Generation = YES;
				INFOPLIST_KEY_UIApplicationSupportsIndirectInputEvents = YES;
				INFOPLIST_KEY_UILaunchScreen_Generation = YES;
				INFOPLIST_KEY_UISupportedInterfaceOrientations_iPad = "UIInterfaceOrientationPortrait UIInterfaceOrientationPortraitUpsideDown UIInterfaceOrientationLandscapeLeft UIInterfaceOrientationLandscapeRight";
				INFOPLIST_KEY_UISupportedInterfaceOrientations_iPhone = "UIInterfaceOrientationPortrait UIInterfaceOrientationLandscapeLeft UIInterfaceOrientationLandscapeRight";
				IPHONEOS_DEPLOYMENT_TARGET = 14.0;
				LD_RUNPATH_SEARCH_PATHS = (
					"$(inherited)",
					"@executable_path/Frameworks",
				);
				MARKETING_VERSION = 1.0;
				PRODUCT_BUNDLE_IDENTIFIER = com.stk.HelloSwiftUI;
				PRODUCT_NAME = HelloSwiftUI;
				SDKROOT = iphoneos;
				SWIFT_EMIT_LOC_STRINGS = YES;
				SWIFT_VERSION = 5.0;
				TARGETED_DEVICE_FAMILY = "1,2";
			};
			name = Debug;
		};
		871F0E4D2679EE6600BE1D4F /* Release */ = {
			isa = XCBuildConfiguration;
			buildSettings = {
				ASSETCATALOG_COMPILER_APPICON_NAME = AppIcon;
				ASSETCATALOG_COMPILER_GLOBAL_ACCENT_COLOR_NAME = AccentColor;
				CODE_SIGN_STYLE = Automatic;
				CURRENT_PROJECT_VERSION = 1;
				DEVELOPMENT_TEAM = NS2DR378QV;
				ENABLE_PREVIEWS = YES;
				GENERATE_INFOPLIST_FILE = YES;
				INFOPLIST_KEY_UIApplicationSceneManifest_Generation = YES;
				INFOPLIST_KEY_UIApplicationSupportsIndirectInputEvents = YES;
				INFOPLIST_KEY_UILaunchScreen_Generation = YES;
				INFOPLIST_KEY_UISupportedInterfaceOrientations_iPad = "UIInterfaceOrientationPortrait UIInterfaceOrientationPortraitUpsideDown UIInterfaceOrientationLandscapeLeft UIInterfaceOrientationLandscapeRight";
				INFOPLIST_KEY_UISupportedInterfaceOrientations_iPhone = "UIInterfaceOrientationPortrait UIInterfaceOrientationLandscapeLeft UIInterfaceOrientationLandscapeRight";
				IPHONEOS_DEPLOYMENT_TARGET = 14.0;
				LD_RUNPATH_SEARCH_PATHS = (
					"$(inherited)",
					"@executable_path/Frameworks",
				);
				MARKETING_VERSION = 1.0;
				PRODUCT_BUNDLE_IDENTIFIER = com.stk.HelloSwiftUI;
				PRODUCT_NAME = HelloSwiftUI;
				SDKROOT = iphoneos;
				SWIFT_EMIT_LOC_STRINGS = YES;
				SWIFT_VERSION = 5.0;
				TARGETED_DEVICE_FAMILY = "1,2";
				VALIDATE_PRODUCT = YES;
			};
			name = Release;
		};
		871F0E4F2679EE6600BE1D4F /* Debug */ = {
			isa = XCBuildConfiguration;
			buildSettings = {
				ASSETCATALOG_COMPILER_APPICON_NAME = AppIcon;
				ASSETCATALOG_COMPILER_GLOBAL_ACCENT_COLOR_NAME = AccentColor;
				CODE_SIGN_STYLE = Automatic;
				COMBINE_HIDPI_IMAGES = YES;
				CURRENT_PROJECT_VERSION = 1;
				DEVELOPMENT_TEAM = NS2DR378QV;
				ENABLE_APP_SANDBOX = YES;
				ENABLE_HARDENED_RUNTIME = YES;
				ENABLE_PREVIEWS = YES;
				ENABLE_USER_SELECTED_FILES = readonly;
				GENERATE_INFOPLIST_FILE = YES;
				INFOPLIST_KEY_NSHumanReadableCopyright = "";
				LD_RUNPATH_SEARCH_PATHS = (
					"$(inherited)",
					"@executable_path/../Frameworks",
				);
				MACOSX_DEPLOYMENT_TARGET = 11.0;
				MARKETING_VERSION = 1.0;
				PRODUCT_BUNDLE_IDENTIFIER = com.stk.HelloSwiftUI;
				PRODUCT_NAME = HelloSwiftUI;
				SDKROOT = macosx;
				SWIFT_EMIT_LOC_STRINGS = YES;
				SWIFT_VERSION = 5.0;
			};
			name = Debug;
		};
		871F0E502679EE6600BE1D4F /* Release */ = {
			isa = XCBuildConfiguration;
			buildSettings = {
				ASSETCATALOG_COMPILER_APPICON_NAME = AppIcon;
				ASSETCATALOG_COMPILER_GLOBAL_ACCENT_COLOR_NAME = AccentColor;
				CODE_SIGN_STYLE = Automatic;
				COMBINE_HIDPI_IMAGES = YES;
				CURRENT_PROJECT_VERSION = 1;
				DEVELOPMENT_TEAM = NS2DR378QV;
				ENABLE_APP_SANDBOX = YES;
				ENABLE_HARDENED_RUNTIME = YES;
				ENABLE_PREVIEWS = YES;
				ENABLE_USER_SELECTED_FILES = readonly;
				GENERATE_INFOPLIST_FILE = YES;
				INFOPLIST_KEY_NSHumanReadableCopyright = "";
				LD_RUNPATH_SEARCH_PATHS = (
					"$(inherited)",
					"@executable_path/../Frameworks",
				);
				MACOSX_DEPLOYMENT_TARGET = 11.0;
				MARKETING_VERSION = 1.0;
				PRODUCT_BUNDLE_IDENTIFIER = com.stk.HelloSwiftUI;
				PRODUCT_NAME = HelloSwiftUI;
				SDKROOT = macosx;
				SWIFT_EMIT_LOC_STRINGS = YES;
				SWIFT_VERSION = 5.0;
			};
			name = Release;
		};
		871F0E522679EE6600BE1D4F /* Debug */ = {
			isa = XCBuildConfiguration;
			buildSettings = {
				ALWAYS_EMBED_SWIFT_STANDARD_LIBRARIES = YES;
				CODE_SIGN_STYLE = Automatic;
				CURRENT_PROJECT_VERSION = 1;
				DEVELOPMENT_TEAM = NS2DR378QV;
				GENERATE_INFOPLIST_FILE = YES;
				IPHONEOS_DEPLOYMENT_TARGET = 15.0;
				LD_RUNPATH_SEARCH_PATHS = (
					"$(inherited)",
					"@executable_path/Frameworks",
					"@loader_path/Frameworks",
				);
				MARKETING_VERSION = 1.0;
				PRODUCT_BUNDLE_IDENTIFIER = "com.stk.Tests-iOS";
				PRODUCT_NAME = "$(TARGET_NAME)";
				SDKROOT = iphoneos;
				SWIFT_EMIT_LOC_STRINGS = NO;
				SWIFT_VERSION = 5.0;
				TARGETED_DEVICE_FAMILY = "1,2";
				TEST_TARGET_NAME = "HelloSwiftUI (iOS)";
			};
			name = Debug;
		};
		871F0E532679EE6600BE1D4F /* Release */ = {
			isa = XCBuildConfiguration;
			buildSettings = {
				ALWAYS_EMBED_SWIFT_STANDARD_LIBRARIES = YES;
				CODE_SIGN_STYLE = Automatic;
				CURRENT_PROJECT_VERSION = 1;
				DEVELOPMENT_TEAM = NS2DR378QV;
				GENERATE_INFOPLIST_FILE = YES;
				IPHONEOS_DEPLOYMENT_TARGET = 15.0;
				LD_RUNPATH_SEARCH_PATHS = (
					"$(inherited)",
					"@executable_path/Frameworks",
					"@loader_path/Frameworks",
				);
				MARKETING_VERSION = 1.0;
				PRODUCT_BUNDLE_IDENTIFIER = "com.stk.Tests-iOS";
				PRODUCT_NAME = "$(TARGET_NAME)";
				SDKROOT = iphoneos;
				SWIFT_EMIT_LOC_STRINGS = NO;
				SWIFT_VERSION = 5.0;
				TARGETED_DEVICE_FAMILY = "1,2";
				TEST_TARGET_NAME = "HelloSwiftUI (iOS)";
				VALIDATE_PRODUCT = YES;
			};
			name = Release;
		};
		871F0E552679EE6600BE1D4F /* Debug */ = {
			isa = XCBuildConfiguration;
			buildSettings = {
				ALWAYS_EMBED_SWIFT_STANDARD_LIBRARIES = YES;
				CODE_SIGN_STYLE = Automatic;
				COMBINE_HIDPI_IMAGES = YES;
				CURRENT_PROJECT_VERSION = 1;
				DEVELOPMENT_TEAM = NS2DR378QV;
				GENERATE_INFOPLIST_FILE = YES;
				LD_RUNPATH_SEARCH_PATHS = (
					"$(inherited)",
					"@executable_path/../Frameworks",
					"@loader_path/../Frameworks",
				);
				MACOSX_DEPLOYMENT_TARGET = 11.4;
				MARKETING_VERSION = 1.0;
				PRODUCT_BUNDLE_IDENTIFIER = "com.stk.Tests-macOS";
				PRODUCT_NAME = "$(TARGET_NAME)";
				SDKROOT = macosx;
				SWIFT_EMIT_LOC_STRINGS = NO;
				SWIFT_VERSION = 5.0;
				TEST_TARGET_NAME = "HelloSwiftUI (macOS)";
			};
			name = Debug;
		};
		871F0E562679EE6600BE1D4F /* Release */ = {
			isa = XCBuildConfiguration;
			buildSettings = {
				ALWAYS_EMBED_SWIFT_STANDARD_LIBRARIES = YES;
				CODE_SIGN_STYLE = Automatic;
				COMBINE_HIDPI_IMAGES = YES;
				CURRENT_PROJECT_VERSION = 1;
				DEVELOPMENT_TEAM = NS2DR378QV;
				GENERATE_INFOPLIST_FILE = YES;
				LD_RUNPATH_SEARCH_PATHS = (
					"$(inherited)",
					"@executable_path/../Frameworks",
					"@loader_path/../Frameworks",
				);
				MACOSX_DEPLOYMENT_TARGET = 11.4;
				MARKETING_VERSION = 1.0;
				PRODUCT_BUNDLE_IDENTIFIER = "com.stk.Tests-macOS";
				PRODUCT_NAME = "$(TARGET_NAME)";
				SDKROOT = macosx;
				SWIFT_EMIT_LOC_STRINGS = NO;
				SWIFT_VERSION = 5.0;
				TEST_TARGET_NAME = "HelloSwiftUI (macOS)";
			};
			name = Release;
		};
/* End XCBuildConfiguration section */

/* Begin XCConfigurationList section */
		871F0E1F2679EE6400BE1D4F /* Build configuration list for PBXProject "HelloSwiftUI" */ = {
			isa = XCConfigurationList;
			buildConfigurations = (
				871F0E492679EE6600BE1D4F /* Debug */,
				871F0E4A2679EE6600BE1D4F /* Release */,
			);
			defaultConfigurationIsVisible = 0;
			defaultConfigurationName = Release;
		};
		871F0E4B2679EE6600BE1D4F /* Build configuration list for PBXNativeTarget "HelloSwiftUI (iOS)" */ = {
			isa = XCConfigurationList;
			buildConfigurations = (
				871F0E4C2679EE6600BE1D4F /* Debug */,
				871F0E4D2679EE6600BE1D4F /* Release */,
			);
			defaultConfigurationIsVisible = 0;
			defaultConfigurationName = Release;
		};
		871F0E4E2679EE6600BE1D4F /* Build configuration list for PBXNativeTarget "HelloSwiftUI (macOS)" */ = {
			isa = XCConfigurationList;
			buildConfigurations = (
				871F0E4F2679EE6600BE1D4F /* Debug */,
				871F0E502679EE6600BE1D4F /* Release */,
			);
			defaultConfigurationIsVisible = 0;
			defaultConfigurationName = Release;
		};
		871F0E512679EE6600BE1D4F /* Build configuration list for PBXNativeTarget "Tests iOS" */ = {
			isa = XCConfigurationList;
			buildConfigurations = (
				871F0E522679EE6600BE1D4F /* Debug */,
				871F0E532679EE6600BE1D4F /* Release */,
			);
			defaultConfigurationIsVisible = 0;
			defaultConfigurationName = Release;
		};
		871F0E542679EE6600BE1D4F /* Build configuration list for PBXNativeTarget "Tests macOS" */ = {
			isa = XCConfigurationList;
			buildConfigurations = (
				871F0E552679EE6600BE1D4F /* Debug */,
				871F0E562679EE6600BE1D4F /* Release */,
			);
			defaultConfigurationIsVisible = 0;
			defaultConfigurationName = Release;
		};
/* End XCConfigurationList section */
	};
	rootObject = 871F0E1C2679EE6400BE1D4F /* Project object */;
}
